
Microsoft Visual Studio Solution File, Format Version 12.00
# Visual Studio Version 18
VisualStudioVersion = 18.3.11218.70
MinimumVisualStudioVersion = 10.0.40219.1
Project("{9A19103F-16F7-4668-BE54-9A1E7A4F7556}") = "DocuEye.Web", "Source\DocuEye.Web\DocuEye.Web.csproj", "{47412A7F-925C-4B2E-850D-773219EE0DD6}"
EndProject
Project("{2150E333-8FDC-42A3-9474-1A3956D46DE8}") = "Infrastructure", "Infrastructure", "{0E2298E5-0DB7-495D-9A09-A6A1B4C07A71}"
EndProject
Project("{9A19103F-16F7-4668-BE54-9A1E7A4F7556}") = "DocuEye.Infrastructure.MongoDB", "Source\DocuEye.Infrastructure.MongoDB\DocuEye.Infrastructure.MongoDB.csproj", "{7B1E829E-A91E-4C59-8A1C-B80275A41F36}"
EndProject
Project("{9A19103F-16F7-4668-BE54-9A1E7A4F7556}") = "DocuEye.Persistence", "Source\DocuEye.Persistence\DocuEye.Persistence.csproj", "{BCFE39F7-14A5-44E2-BB21-3EF709985105}"
EndProject
Project("{9A19103F-16F7-4668-BE54-9A1E7A4F7556}") = "DocuEye.Infrastructure.Persistence.Model", "Source\DocuEye.Infrastructure.Persistence.Model\DocuEye.Infrastructure.Persistence.Model.csproj", "{B9109289-2A00-4A92-9786-9F20E56F7ECB}"
EndProject
Project("{2150E333-8FDC-42A3-9474-1A3956D46DE8}") = "ChangeTracker", "ChangeTracker", "{F30410F2-2AE9-40E2-B6B3-3ADDCB070032}"
EndProject
Project("{9A19103F-16F7-4668-BE54-9A1E7A4F7556}") = "DocuEye.ChangeTracker.Model", "Source\DocuEye.ChangeTracker.Model\DocuEye.ChangeTracker.Model.csproj", "{C6252428-E9AE-4498-A00A-DBCF89792576}"
EndProject
Project("{9A19103F-16F7-4668-BE54-9A1E7A4F7556}") = "DocuEye.ChangeTracker.Persistence", "Source\DocuEye.ChangeTracker.Persistence\DocuEye.ChangeTracker.Persistence.csproj", "{03FDD1B7-119B-473F-B700-38B1CF29A2A5}"
EndProject
Project("{9A19103F-16F7-4668-BE54-9A1E7A4F7556}") = "DocuEye.ChangeTracker.Application", "Source\DocuEye.ChangeTracker.Application\DocuEye.ChangeTracker.Application.csproj", "{4656723E-F4FA-442F-BA18-81DEE44008DD}"
EndProject
Project("{9A19103F-16F7-4668-BE54-9A1E7A4F7556}") = "DocuEye.ChangeTracker.Api", "Source\DocuEye.ChangeTracker.Api\DocuEye.ChangeTracker.Api.csproj", "{53483EA6-7C4C-4B4C-A48C-4672450EC7A8}"
EndProject
Project("{9A19103F-16F7-4668-BE54-9A1E7A4F7556}") = "DocuEye.ChangeTracker.Application.Tests", "Source\DocuEye.ChangeTracker.Application.Tests\DocuEye.ChangeTracker.Application.Tests.csproj", "{78FF8BC6-460C-4F95-B546-129D76A088EA}"
EndProject
Project("{9A19103F-16F7-4668-BE54-9A1E7A4F7556}") = "DocuEye.Infrastructure.Tests.FakeMongoDB", "Source\DocuEye.Infrastructure.Tests.FakeMongoDB\DocuEye.Infrastructure.Tests.FakeMongoDB.csproj", "{BE0CC5E6-8E7E-49E9-9EBB-6867E506B22D}"
EndProject
Project("{2150E333-8FDC-42A3-9474-1A3956D46DE8}") = "ViewsKeeper", "ViewsKeeper", "{8D1B1D91-B4DE-4DF9-A253-14777B4B4E40}"
EndProject
Project("{9A19103F-16F7-4668-BE54-9A1E7A4F7556}") = "DocuEye.ViewsKeeper.Model", "Source\DocuEye.ViewsKeeper.Model\DocuEye.ViewsKeeper.Model.csproj", "{CDACE8BC-2F88-4B1A-AF6C-629ACF0C6CB1}"
EndProject
Project("{9A19103F-16F7-4668-BE54-9A1E7A4F7556}") = "DocuEye.ViewsKeeper.Persistence", "Source\DocuEye.ViewsKeeper.Persistence\DocuEye.ViewsKeeper.Persistence.csproj", "{55872D4D-78AE-4A25-84CF-7C13441DAC2D}"
EndProject
Project("{9A19103F-16F7-4668-BE54-9A1E7A4F7556}") = "DocuEye.ViewsKeeper.Application", "Source\DocuEye.ViewsKeeper.Application\DocuEye.ViewsKeeper.Application.csproj", "{C0E4B23D-5CBC-42D7-8E24-E687641A1AFB}"
EndProject
Project("{9A19103F-16F7-4668-BE54-9A1E7A4F7556}") = "DocuEye.ViewsKeeper.Api", "Source\DocuEye.ViewsKeeper.Api\DocuEye.ViewsKeeper.Api.csproj", "{19A2A85E-BAAB-4F48-93E6-49B1E2377F8F}"
EndProject
Project("{9A19103F-16F7-4668-BE54-9A1E7A4F7556}") = "DocuEye.ViewsKeeper.Application.Tests", "Source\DocuEye.ViewsKeeper.Application.Tests\DocuEye.ViewsKeeper.Application.Tests.csproj", "{E5847CC2-DFDE-402B-98C4-E020AEE83BFC}"
EndProject
Project("{9A19103F-16F7-4668-BE54-9A1E7A4F7556}") = "DocuEye.ViewsKeeper.Application.Commands", "Source\DocuEye.ViewsKeeper.Application.Commands\DocuEye.ViewsKeeper.Application.Commands.csproj", "{0FA36314-883E-48DB-8B80-5372BB822775}"
EndProject
Project("{2150E333-8FDC-42A3-9474-1A3956D46DE8}") = "DocsKeeper", "DocsKeeper", "{1B4018CC-86F3-480B-83A0-5A67D0D397E5}"
EndProject
Project("{9A19103F-16F7-4668-BE54-9A1E7A4F7556}") = "DocuEye.DocsKeeper.Model", "Source\DocuEye.DocsKeeper.Model\DocuEye.DocsKeeper.Model.csproj", "{FDC7CEF0-C3A9-4A99-B73B-A9025D77AEE2}"
EndProject
Project("{9A19103F-16F7-4668-BE54-9A1E7A4F7556}") = "DocuEye.DocsKeeper.Persistence", "Source\DocuEye.DocsKeeper.Persistence\DocuEye.DocsKeeper.Persistence.csproj", "{05CCEF23-8E3A-4DB8-A249-6A291C9EF9D9}"
EndProject
Project("{9A19103F-16F7-4668-BE54-9A1E7A4F7556}") = "DocuEye.DocsKeeper.Application", "Source\DocuEye.DocsKeeper.Application\DocuEye.DocsKeeper.Application.csproj", "{2E27E8B3-110B-4717-AD08-722F093872C6}"
EndProject
Project("{9A19103F-16F7-4668-BE54-9A1E7A4F7556}") = "DocuEye.DocsKeeper.Application.Tests", "Source\DocuEye.DocsKeeper.Application.Tests\DocuEye.DocsKeeper.Application.Tests.csproj", "{351330B1-9684-46D1-AD8D-FDC2962B1F89}"
EndProject
Project("{9A19103F-16F7-4668-BE54-9A1E7A4F7556}") = "DocuEye.DocsKeeper.Application.Commads", "Source\DocuEye.DocsKeeper.Application.Commads\DocuEye.DocsKeeper.Application.Commads.csproj", "{DC5A007A-B7A2-4DD6-8AB6-A21712A7169C}"
EndProject
Project("{9A19103F-16F7-4668-BE54-9A1E7A4F7556}") = "DocuEye.DocsKeeper.Api", "Source\DocuEye.DocsKeeper.Api\DocuEye.DocsKeeper.Api.csproj", "{3C4894E4-09B8-4641-8576-31A2089EF528}"
EndProject
Project("{2150E333-8FDC-42A3-9474-1A3956D46DE8}") = "ModelKeeper", "ModelKeeper", "{19F97F80-2108-4BD6-8745-1323CD0E9901}"
EndProject
Project("{9A19103F-16F7-4668-BE54-9A1E7A4F7556}") = "DocuEye.ModelKeeper.Model", "Source\DocuEye.ModelKeeper.Model\DocuEye.ModelKeeper.Model.csproj", "{817BA8B7-5A5D-4F71-AF98-2196CFCA1C83}"
EndProject
Project("{9A19103F-16F7-4668-BE54-9A1E7A4F7556}") = "DocuEye.ModelKeeper.Persistence", "Source\DocuEye.ModelKeeper.Persistence\DocuEye.ModelKeeper.Persistence.csproj", "{44EF4095-E3FD-4646-A5A5-5CC285E9768A}"
EndProject
Project("{9A19103F-16F7-4668-BE54-9A1E7A4F7556}") = "DocuEye.ModelKeeper.Application", "Source\DocuEye.ModelKeeper.Application\DocuEye.ModelKeeper.Application.csproj", "{B0C125AD-48C1-4092-A4D2-F4049457CBDA}"
EndProject
Project("{9A19103F-16F7-4668-BE54-9A1E7A4F7556}") = "DocuEye.ModelKeeper.Application.Commands", "Source\DocuEye.ModelKeeper.Application.Commands\DocuEye.ModelKeeper.Application.Commands.csproj", "{940CB0A3-D088-44CA-ADA8-79C2AB5CE813}"
EndProject
Project("{9A19103F-16F7-4668-BE54-9A1E7A4F7556}") = "DocuEye.ModelKeeper.Api", "Source\DocuEye.ModelKeeper.Api\DocuEye.ModelKeeper.Api.csproj", "{B0527001-D2A2-4B19-A3D7-AFE06E61746B}"
EndProject
Project("{9A19103F-16F7-4668-BE54-9A1E7A4F7556}") = "DocuEye.ModelKeeper.Application.Tests", "Source\DocuEye.ModelKeeper.Application.Tests\DocuEye.ModelKeeper.Application.Tests.csproj", "{A75C7C2B-1288-40E6-8D0E-DB29306A182B}"
EndProject
Project("{9A19103F-16F7-4668-BE54-9A1E7A4F7556}") = "DocuEye.ModelKeeper.Application.Queries", "Source\DocuEye.ModelKeeper.Application.Queries\DocuEye.ModelKeeper.Application.Queries.csproj", "{FB417D8F-889C-4CFC-A25C-97AD754DC097}"
EndProject
Project("{2150E333-8FDC-42A3-9474-1A3956D46DE8}") = "WorkspacesKeeper", "WorkspacesKeeper", "{CCD1348E-6ACE-4A93-8FD4-7E990BEBF02E}"
EndProject
Project("{9A19103F-16F7-4668-BE54-9A1E7A4F7556}") = "DocuEye.WorkspacesKeeper.Model", "Source\DocuEye.WorkspacesKeeper.Model\DocuEye.WorkspacesKeeper.Model.csproj", "{55FA4702-E010-4EA9-851B-7179399C3DA8}"
EndProject
Project("{9A19103F-16F7-4668-BE54-9A1E7A4F7556}") = "DocuEye.WorkspacesKeeper.Application", "Source\DocuEye.WorkspacesKeeper.Application\DocuEye.WorkspacesKeeper.Application.csproj", "{7269FE68-4F27-4351-93FB-CEA2B26AA108}"
EndProject
Project("{9A19103F-16F7-4668-BE54-9A1E7A4F7556}") = "DocuEye.WorkspacesKeeper.Api", "Source\DocuEye.WorkspacesKeeper.Api\DocuEye.WorkspacesKeeper.Api.csproj", "{90A86A11-5E95-4330-B4BF-CED4403ABF0F}"
EndProject
Project("{9A19103F-16F7-4668-BE54-9A1E7A4F7556}") = "DocuEye.WorkspacesKeeper.Persistence", "Source\DocuEye.WorkspacesKeeper.Persistence\DocuEye.WorkspacesKeeper.Persistence.csproj", "{E13943EA-455D-4A6E-9246-6578C02D1C0F}"
EndProject
Project("{9A19103F-16F7-4668-BE54-9A1E7A4F7556}") = "DocuEye.WorkspacesKeeper.Application.Tests", "Source\DocuEye.WorkspacesKeeper.Application.Tests\DocuEye.WorkspacesKeeper.Application.Tests.csproj", "{DCB76E62-D7E7-4F45-A8A5-25E32D3E8A58}"
EndProject
Project("{9A19103F-16F7-4668-BE54-9A1E7A4F7556}") = "DocuEye.WorkspacesKeeper.Application.Commands", "Source\DocuEye.WorkspacesKeeper.Application.Commands\DocuEye.WorkspacesKeeper.Application.Commands.csproj", "{9432DFA7-AE53-4622-84F3-C46AC2473A52}"
EndProject
Project("{9A19103F-16F7-4668-BE54-9A1E7A4F7556}") = "DocuEye.WorkspacesKeeper.Application.Queries", "Source\DocuEye.WorkspacesKeeper.Application.Queries\DocuEye.WorkspacesKeeper.Application.Queries.csproj", "{63ADE590-B399-48A6-B857-8E4B6D5D9A5F}"
EndProject
Project("{2150E333-8FDC-42A3-9474-1A3956D46DE8}") = "WorkspaceImporter", "WorkspaceImporter", "{E08C60FB-C9C0-436E-8189-435A9D9DF335}"
EndProject
Project("{9A19103F-16F7-4668-BE54-9A1E7A4F7556}") = "DocuEye.WorkspaceImporter.Api", "Source\DocuEye.WorkspaceImporter.Api\DocuEye.WorkspaceImporter.Api.csproj", "{2DAE8E76-36C6-4F69-97A6-1741FED9C284}"
EndProject
Project("{9A19103F-16F7-4668-BE54-9A1E7A4F7556}") = "DocuEye.WorkspaceImporter.Model", "Source\DocuEye.WorkspaceImporter.Model\DocuEye.WorkspaceImporter.Model.csproj", "{65D4B973-3A28-4931-89F3-635AD290B1FA}"
EndProject
Project("{9A19103F-16F7-4668-BE54-9A1E7A4F7556}") = "DocuEye.WorkspaceImporter.Application", "Source\DocuEye.WorkspaceImporter.Application\DocuEye.WorkspaceImporter.Application.csproj", "{19A0E254-7CD0-4E1A-A29F-E34F17DD5EEC}"
EndProject
Project("{9A19103F-16F7-4668-BE54-9A1E7A4F7556}") = "DocuEye.WorkspaceImporter.Application.Commands", "Source\DocuEye.WorkspaceImporter.Application.Commands\DocuEye.WorkspaceImporter.Application.Commands.csproj", "{109E97B3-4958-4F05-8D7D-587C5F468973}"
EndProject
Project("{9A19103F-16F7-4668-BE54-9A1E7A4F7556}") = "DocuEye.WorkspaceImporter.Persistence", "Source\DocuEye.WorkspaceImporter.Persistence\DocuEye.WorkspaceImporter.Persistence.csproj", "{5BEAD07B-BDD1-4DA5-BD15-491D27044CC5}"
EndProject
Project("{9A19103F-16F7-4668-BE54-9A1E7A4F7556}") = "DocuEye.WorkspaceImporter.Application.Tests", "Source\DocuEye.WorkspaceImporter.Application.Tests\DocuEye.WorkspaceImporter.Application.Tests.csproj", "{C81AA44A-8720-4042-B7D3-1DCF8B81BA86}"
EndProject
Project("{9A19103F-16F7-4668-BE54-9A1E7A4F7556}") = "DocuEye.WorkspaceImporter.Application.Events", "Source\DocuEye.WorkspaceImporter.Application.Events\DocuEye.WorkspaceImporter.Application.Events.csproj", "{EB48315A-2B6D-4ADA-A826-6B1F7CEEF445}"
EndProject
Project("{9A19103F-16F7-4668-BE54-9A1E7A4F7556}") = "DocuEye.Infrastructure.HttpProblemDetails", "Source\DocuEye.Infrastructure.HttpProblemDetails\DocuEye.Infrastructure.HttpProblemDetails.csproj", "{792E4CEF-D4BD-45A8-8120-5ACB7A75D261}"
EndProject
Project("{9A19103F-16F7-4668-BE54-9A1E7A4F7556}") = "DocuEye.Infrastructure.DataProtection", "Source\DocuEye.Infrastructure.DataProtection\DocuEye.Infrastructure.DataProtection.csproj", "{9E2080FF-EE36-4CE5-A483-1D72971C565A}"
EndProject
Project("{2150E333-8FDC-42A3-9474-1A3956D46DE8}") = "CLI", "CLI", "{7E8C9BBB-68F4-4C90-A69A-06FE72392690}"
EndProject
Project("{9A19103F-16F7-4668-BE54-9A1E7A4F7556}") = "DocuEye.CLI", "Source\DocuEye.CLI\DocuEye.CLI.csproj", "{39345E05-78E3-4AAF-80F0-3981900E46F3}"
EndProject
Project("{9A19103F-16F7-4668-BE54-9A1E7A4F7556}") = "DocuEye.CLI.Application", "Source\DocuEye.CLI.Application\DocuEye.CLI.Application.csproj", "{211DB833-616C-4EB9-8EBE-57F3C20977FD}"
EndProject
Project("{9A19103F-16F7-4668-BE54-9A1E7A4F7556}") = "DocuEye.CLI.ApiClient", "Source\DocuEye.CLI.ApiClient\DocuEye.CLI.ApiClient.csproj", "{3E51AAA2-47F4-42D4-BCED-C1E2634D98B1}"
EndProject
Project("{9A19103F-16F7-4668-BE54-9A1E7A4F7556}") = "DocuEye.Infrastructure.Tests.Http", "Source\DocuEye.Infrastructure.Tests.Http\DocuEye.Infrastructure.Tests.Http.csproj", "{CE0C3442-E558-49FF-B597-B159CFD80F52}"
EndProject
Project("{9A19103F-16F7-4668-BE54-9A1E7A4F7556}") = "DocuEye.WorkspaceImporter.Api.Model", "Source\DocuEye.WorkspaceImporter.Api.Model\DocuEye.WorkspaceImporter.Api.Model.csproj", "{A31157DC-69B9-46E1-B196-19B531791420}"
EndProject
Project("{9A19103F-16F7-4668-BE54-9A1E7A4F7556}") = "DocuEye.ViewsKeeper.Application.Queries", "Source\DocuEye.ViewsKeeper.Application.Queries\DocuEye.ViewsKeeper.Application.Queries.csproj", "{37A9F14F-D9DA-4594-9187-89C65360A34C}"
EndProject
Project("{9A19103F-16F7-4668-BE54-9A1E7A4F7556}") = "DocuEye.DocsKeeper.Application.Queries", "Source\DocuEye.DocsKeeper.Application.Queries\DocuEye.DocsKeeper.Application.Queries.csproj", "{1AEFE888-729A-446A-8751-DCA1C3CCAA92}"
EndProject
Project("{9A19103F-16F7-4668-BE54-9A1E7A4F7556}") = "DocuEye.WorkspacesKeeper.Application.Events", "Source\DocuEye.WorkspacesKeeper.Application.Events\DocuEye.WorkspacesKeeper.Application.Events.csproj", "{C599136A-3095-4322-AB44-7770265CEE1D}"
EndProject
Project("{9A19103F-16F7-4668-BE54-9A1E7A4F7556}") = "DocuEye.Infrastructure.Authentication", "Source\DocuEye.Infrastructure.Authentication\DocuEye.Infrastructure.Authentication.csproj", "{A1D44DC2-AAFC-42DF-8E66-1E529BF2E76F}"
EndProject
Project("{9A19103F-16F7-4668-BE54-9A1E7A4F7556}") = "DocuEye.Structurizr.Model.Exploders", "Source\DocuEye.Structurizr.Model.Exploders\DocuEye.Structurizr.Model.Exploders.csproj", "{F6C26AEE-0233-41AC-BDE6-C4150B1AF279}"
EndProject
Project("{9A19103F-16F7-4668-BE54-9A1E7A4F7556}") = "DocuEye.Structurizr.Model.Exploders.Tests", "Source\DocuEye.Structurizr.Model.Exploders.Tests\DocuEye.Structurizr.Model.Exploders.Tests.csproj", "{8B281CF3-3F41-4FC0-97C7-ED2124678A55}"
EndProject
Project("{9A19103F-16F7-4668-BE54-9A1E7A4F7556}") = "DocuEye.WorkspaceImporter.Application.ChangeDetectors", "Source\DocuEye.WorkspaceImporter.Application.ChangeDetectors\DocuEye.WorkspaceImporter.Application.ChangeDetectors.csproj", "{790858F4-A8A5-48A5-925C-D358740938A1}"
EndProject
Project("{9A19103F-16F7-4668-BE54-9A1E7A4F7556}") = "DocuEye.WorkspaceImporter.Application.ChangeDetectors.Tests", "Source\DocuEye.WorkspaceImporter.Application.ChangeDetectors.Tests\DocuEye.WorkspaceImporter.Application.ChangeDetectors.Tests.csproj", "{AB0D72A6-0103-44E7-9D77-48B88456E22E}"
EndProject
Project("{2150E333-8FDC-42A3-9474-1A3956D46DE8}") = "Structurizr", "Structurizr", "{A3E976D3-CB28-4BE0-9C02-3DC16A985A93}"
EndProject
Project("{FAE04EC0-301F-11D3-BF4B-00C04F79EFBC}") = "DocuEye.Structurizr.DSL.Model", "Source\DocuEye.Structurizr.DSL.Model\DocuEye.Structurizr.DSL.Model.csproj", "{055D78B0-3D20-C955-66ED-5028782CF429}"
EndProject
Project("{FAE04EC0-301F-11D3-BF4B-00C04F79EFBC}") = "DocuEye.Structurizr.DSL.Expressions.Model", "Source\DocuEye.Structurizr.DSL.Expressions.Model\DocuEye.Structurizr.DSL.Expressions.Model.csproj", "{F3642BA3-2A4A-5BEC-5B7E-DED257179686}"
EndProject
Project("{FAE04EC0-301F-11D3-BF4B-00C04F79EFBC}") = "DocuEye.Structurizr.DSL.Expressions", "Source\DocuEye.Structurizr.DSL.Expressions\DocuEye.Structurizr.DSL.Expressions.csproj", "{C10F3A20-38E7-27FA-4609-FE254C1962EF}"
EndProject
Project("{FAE04EC0-301F-11D3-BF4B-00C04F79EFBC}") = "DocuEye.Structurizr.DSL.Expressions.Builders", "Source\DocuEye.Structurizr.DSL.Expressions.Builders\DocuEye.Structurizr.DSL.Expressions.Builders.csproj", "{6150F20F-E742-D5A1-776E-8DEC8C408F83}"
EndProject
Project("{FAE04EC0-301F-11D3-BF4B-00C04F79EFBC}") = "DocuEye.Structurizr.DSL", "Source\DocuEye.Structurizr.DSL\DocuEye.Structurizr.DSL.csproj", "{82A2FC67-1782-0665-3F69-3E68383DAE71}"
EndProject
Project("{FAE04EC0-301F-11D3-BF4B-00C04F79EFBC}") = "DocuEye.Structurizr.DSL.Expressions.Builders.Tests", "Source\DocuEye.Structurizr.DSL.Expressions.Builders.Tests\DocuEye.Structurizr.DSL.Expressions.Builders.Tests.csproj", "{6F050710-83D4-B04F-7DC6-C0339AB5DE6F}"
EndProject
Project("{FAE04EC0-301F-11D3-BF4B-00C04F79EFBC}") = "DocuEye.Structurizr.DSL.Expressions.Tests", "Source\DocuEye.Structurizr.DSL.Expressions.Tests\DocuEye.Structurizr.DSL.Expressions.Tests.csproj", "{DD4A4D95-057E-7FF4-28AA-4B1076057373}"
EndProject
Project("{FAE04EC0-301F-11D3-BF4B-00C04F79EFBC}") = "DocuEye.Structurizr.DSL.Tests", "Source\DocuEye.Structurizr.DSL.Tests\DocuEye.Structurizr.DSL.Tests.csproj", "{33F1AD93-2810-644F-A7D1-62FB1DA21DF7}"
EndProject
Project("{FAE04EC0-301F-11D3-BF4B-00C04F79EFBC}") = "DocuEye.Structurizr.Json.Model", "Source\DocuEye.Structurizr.Json.Model\DocuEye.Structurizr.Json.Model.csproj", "{EAAD710C-74A9-161F-BDD9-689E8A793B91}"
EndProject
Project("{FAE04EC0-301F-11D3-BF4B-00C04F79EFBC}") = "DocuEye.Structurizr.DslToJson", "Source\DocuEye.Structurizr.DslToJson\DocuEye.Structurizr.DslToJson.csproj", "{2D4CFE45-74FC-3EC4-4E42-09121C2441DF}"
EndProject
Project("{FAE04EC0-301F-11D3-BF4B-00C04F79EFBC}") = "DocuEye.Structurizr.DslToJson.Tests", "Source\DocuEye.Structurizr.DslToJson.Tests\DocuEye.Structurizr.DslToJson.Tests.csproj", "{33CB437D-B9C6-5787-4B38-3CD380C4C3D8}"
EndProject
Project("{FAE04EC0-301F-11D3-BF4B-00C04F79EFBC}") = "DocuEye.Structurizr.Json.Model.Maps", "Source\DocuEye.Structurizr.Json.Model.Maps\DocuEye.Structurizr.Json.Model.Maps.csproj", "{EF021AAD-C8A4-4708-8D34-260B86F5EA64}"
EndProject
Project("{FAE04EC0-301F-11D3-BF4B-00C04F79EFBC}") = "DocuEye.Structurizr.Json.Model.Maps.Tests", "Source\DocuEye.Structurizr.Json.Model.Maps.Tests\DocuEye.Structurizr.Json.Model.Maps.Tests.csproj", "{BF804804-7C5E-4639-B86F-296CB643177A}"
EndProject
Project("{FAE04EC0-301F-11D3-BF4B-00C04F79EFBC}") = "DocuEye.Infrastructure.Tests.Common", "Source\DocuEye.Infrastructure.Tests.Common\DocuEye.Infrastructure.Tests.Common.csproj", "{723C00EA-E7E7-4E9E-9C4B-B18EE1EA9EED}"
EndProject
Project("{FAE04EC0-301F-11D3-BF4B-00C04F79EFBC}") = "DocuEye.WorkspaceImporter.Api.Model.Maps", "Source\DocuEye.WorkspaceImporter.Api.Model.Maps\DocuEye.WorkspaceImporter.Api.Model.Maps.csproj", "{70A8946E-915F-46DF-8601-E4A0AB79DB2B}"
EndProject
Project("{FAE04EC0-301F-11D3-BF4B-00C04F79EFBC}") = "DocuEye.WorkspaceImporter.Api.Model.Maps.Tests", "Source\DocuEye.WorkspaceImporter.Api.Model.Maps.Tests\DocuEye.WorkspaceImporter.Api.Model.Maps.Tests.csproj", "{A49BC784-E64A-4162-B0B8-BE8051FB80E0}"
EndProject
Project("{FAE04EC0-301F-11D3-BF4B-00C04F79EFBC}") = "DocuEye.ModelKeeper.Model.Maps", "Source\DocuEye.ModelKeeper.Model.Maps\DocuEye.ModelKeeper.Model.Maps.csproj", "{385A7B17-2C41-4AFD-BB4E-5E12D29D0B85}"
EndProject
Project("{FAE04EC0-301F-11D3-BF4B-00C04F79EFBC}") = "DocuEye.ModelKeeper.Model.Maps.Tests", "Source\DocuEye.ModelKeeper.Model.Maps.Tests\DocuEye.ModelKeeper.Model.Maps.Tests.csproj", "{88D91508-1218-4BAF-B315-DE1248D9FA05}"
EndProject
Project("{FAE04EC0-301F-11D3-BF4B-00C04F79EFBC}") = "DocuEye.ModelKeeper.Application.Model", "Source\DocuEye.ModelKeeper.Application.Model\DocuEye.ModelKeeper.Application.Model.csproj", "{377045BC-A45D-4815-9C12-5B8D5049752B}"
EndProject
Project("{FAE04EC0-301F-11D3-BF4B-00C04F79EFBC}") = "DocuEye.ViewsKeeper.Model.Maps", "Source\DocuEye.ViewsKeeper.Model.Maps\DocuEye.ViewsKeeper.Model.Maps.csproj", "{C068423A-1320-48EA-B81B-C5D450433C45}"
EndProject
Project("{FAE04EC0-301F-11D3-BF4B-00C04F79EFBC}") = "DocuEye.ViewsKeeper.Model.Maps.Tests", "Source\DocuEye.ViewsKeeper.Model.Maps.Tests\DocuEye.ViewsKeeper.Model.Maps.Tests.csproj", "{56F08A43-5BEF-49AB-9AFF-DE419C269193}"
EndProject
Project("{FAE04EC0-301F-11D3-BF4B-00C04F79EFBC}") = "DocuEye.ViewsKeeper.Application.Model", "Source\DocuEye.ViewsKeeper.Application.Model\DocuEye.ViewsKeeper.Application.Model.csproj", "{D4DA8D80-AB2F-44C5-98C8-C16AD118520B}"
EndProject
Project("{FAE04EC0-301F-11D3-BF4B-00C04F79EFBC}") = "DocuEye.DocsKeeper.Application.Model", "Source\DocuEye.DocsKeeper.Application.Model\DocuEye.DocsKeeper.Application.Model.csproj", "{F9498ABC-D4B5-4214-9449-3C8AE4DD2EFF}"
EndProject
Project("{FAE04EC0-301F-11D3-BF4B-00C04F79EFBC}") = "DocuEye.DocsKeeper.Model.Maps", "Source\DocuEye.DocsKeeper.Model.Maps\DocuEye.DocsKeeper.Model.Maps.csproj", "{5A1B0924-C542-4859-B2E1-4AB7C6F8598D}"
EndProject
Project("{FAE04EC0-301F-11D3-BF4B-00C04F79EFBC}") = "DocuEye.DocsKeeper.Model.Maps.Tests", "Source\DocuEye.DocsKeeper.Model.Maps.Tests\DocuEye.DocsKeeper.Model.Maps.Tests.csproj", "{234E2E55-99BB-49BD-A860-0B50D4C79F79}"
EndProject
Project("{FAE04EC0-301F-11D3-BF4B-00C04F79EFBC}") = "DocuEye.WorkspacesKeeper.Application.Model", "Source\DocuEye.WorkspacesKeeper.Application.Model\DocuEye.WorkspacesKeeper.Application.Model.csproj", "{7F774218-0BCA-461A-810C-C3D70FD9BC13}"
EndProject
Project("{FAE04EC0-301F-11D3-BF4B-00C04F79EFBC}") = "DocuEye.WorkspacesKeeper.Model.Maps", "Source\DocuEye.WorkspacesKeeper.Model.Maps\DocuEye.WorkspacesKeeper.Model.Maps.csproj", "{81EBCE0B-A7AD-41AB-B8CB-E92F544E941E}"
EndProject
Project("{FAE04EC0-301F-11D3-BF4B-00C04F79EFBC}") = "DocuEye.WorkspacesKeeper.Model.Maps.Tests", "Source\DocuEye.WorkspacesKeeper.Model.Maps.Tests\DocuEye.WorkspacesKeeper.Model.Maps.Tests.csproj", "{C33547E6-B842-4370-BE67-A5AE7F0E9970}"
EndProject
Project("{FAE04EC0-301F-11D3-BF4B-00C04F79EFBC}") = "DocuEye.Infrastructure.Mediator", "Source\DocuEye.Infrastructure.Mediator\DocuEye.Infrastructure.Mediator.csproj", "{B4C98E78-8B22-43D3-9AF0-E4370AB60B00}"
EndProject
Project("{FAE04EC0-301F-11D3-BF4B-00C04F79EFBC}") = "DocuEye.Infrastructure.Mediator.Tests", "Source\DocuEye.Infrastructure.Mediator.Tests\DocuEye.Infrastructure.Mediator.Tests.csproj", "{B39AAAE3-81E7-4C89-A532-376AD9DB5AA9}"
EndProject
Project("{FAE04EC0-301F-11D3-BF4B-00C04F79EFBC}") = "DocuEye.ViewsKeeper.Api.Model", "Source\DocuEye.ViewsKeeper.Api.Model\DocuEye.ViewsKeeper.Api.Model.csproj", "{0646729A-22E3-476A-B415-CD59702BAFA2}"
EndProject
Project("{2150E333-8FDC-42A3-9474-1A3956D46DE8}") = "Linter", "Linter", "{EEECF3A6-0315-4C0A-8052-A0781EF962F0}"
EndProject
Project("{FAE04EC0-301F-11D3-BF4B-00C04F79EFBC}") = "DocuEye.Linter.Model", "Source\DocuEye.Linter.Model\DocuEye.Linter.Model.csproj", "{C8691F9A-1246-4783-A6B8-0757C5F1D153}"
EndProject
Project("{FAE04EC0-301F-11D3-BF4B-00C04F79EFBC}") = "DocuEye.Linter", "Source\DocuEye.Linter\DocuEye.Linter.csproj", "{A4EEA94D-44D7-40B2-A04E-D0B7A3D9E16C}"
EndProject
Project("{FAE04EC0-301F-11D3-BF4B-00C04F79EFBC}") = "DocuEye.Linter.Tests", "Source\DocuEye.Linter.Tests\DocuEye.Linter.Tests.csproj", "{B89E50CC-4F25-4A2D-B570-614A580084DA}"
EndProject
Project("{FAE04EC0-301F-11D3-BF4B-00C04F79EFBC}") = "DocuEye.Structurizr.DSL.Model.Maps", "Source\DocuEye.Structurizr.DSL.Model.Maps\DocuEye.Structurizr.DSL.Model.Maps.csproj", "{2642CF6A-1F8D-4436-93A4-8D0DEF44D932}"
EndProject
Project("{FAE04EC0-301F-11D3-BF4B-00C04F79EFBC}") = "DocuEye.Structurizr.DSL.Model.Maps.Tests", "Source\DocuEye.Structurizr.DSL.Model.Maps.Tests\DocuEye.Structurizr.DSL.Model.Maps.Tests.csproj", "{A5083611-3A81-40D1-9012-6E28B545EF91}"
EndProject
Project("{2150E333-8FDC-42A3-9474-1A3956D46DE8}") = "IssueTracker", "IssueTracker", "{FD40575A-E88D-4198-B94C-74951783603D}"
EndProject
Project("{FAE04EC0-301F-11D3-BF4B-00C04F79EFBC}") = "DocuEye.IssueTracker.Model", "Source\DocuEye.IssueTracker.Model\DocuEye.IssueTracker.Model.csproj", "{EC5C3636-AB9A-470F-8174-2DD776656DA0}"
EndProject
Project("{FAE04EC0-301F-11D3-BF4B-00C04F79EFBC}") = "DocuEye.IssueTracker.Persistence", "Source\DocuEye.IssueTracker.Persistence\DocuEye.IssueTracker.Persistence.csproj", "{63284E4D-1791-40EF-8FB4-7649962EE83A}"
EndProject
Project("{FAE04EC0-301F-11D3-BF4B-00C04F79EFBC}") = "DocuEye.IssueTracker.Application.Commands", "Source\DocuEye.IssueTracker.Application.Commands\DocuEye.IssueTracker.Application.Commands.csproj", "{CDFC6B06-9E54-4161-B4A5-E3012FAC509B}"
EndProject
Project("{FAE04EC0-301F-11D3-BF4B-00C04F79EFBC}") = "DocuEye.IssueTracker.Application", "Source\DocuEye.IssueTracker.Application\DocuEye.IssueTracker.Application.csproj", "{A582BF77-DF40-4E03-AB11-7DC12041D88E}"
EndProject
Global
	GlobalSection(SolutionConfigurationPlatforms) = preSolution
		Debug|Any CPU = Debug|Any CPU
		Release|Any CPU = Release|Any CPU
	EndGlobalSection
	GlobalSection(ProjectConfigurationPlatforms) = postSolution
		{47412A7F-925C-4B2E-850D-773219EE0DD6}.Debug|Any CPU.ActiveCfg = Debug|Any CPU
		{47412A7F-925C-4B2E-850D-773219EE0DD6}.Debug|Any CPU.Build.0 = Debug|Any CPU
		{47412A7F-925C-4B2E-850D-773219EE0DD6}.Release|Any CPU.ActiveCfg = Release|Any CPU
		{47412A7F-925C-4B2E-850D-773219EE0DD6}.Release|Any CPU.Build.0 = Release|Any CPU
		{7B1E829E-A91E-4C59-8A1C-B80275A41F36}.Debug|Any CPU.ActiveCfg = Debug|Any CPU
		{7B1E829E-A91E-4C59-8A1C-B80275A41F36}.Debug|Any CPU.Build.0 = Debug|Any CPU
		{7B1E829E-A91E-4C59-8A1C-B80275A41F36}.Release|Any CPU.ActiveCfg = Release|Any CPU
		{7B1E829E-A91E-4C59-8A1C-B80275A41F36}.Release|Any CPU.Build.0 = Release|Any CPU
		{BCFE39F7-14A5-44E2-BB21-3EF709985105}.Debug|Any CPU.ActiveCfg = Debug|Any CPU
		{BCFE39F7-14A5-44E2-BB21-3EF709985105}.Debug|Any CPU.Build.0 = Debug|Any CPU
		{BCFE39F7-14A5-44E2-BB21-3EF709985105}.Release|Any CPU.ActiveCfg = Release|Any CPU
		{BCFE39F7-14A5-44E2-BB21-3EF709985105}.Release|Any CPU.Build.0 = Release|Any CPU
		{B9109289-2A00-4A92-9786-9F20E56F7ECB}.Debug|Any CPU.ActiveCfg = Debug|Any CPU
		{B9109289-2A00-4A92-9786-9F20E56F7ECB}.Debug|Any CPU.Build.0 = Debug|Any CPU
		{B9109289-2A00-4A92-9786-9F20E56F7ECB}.Release|Any CPU.ActiveCfg = Release|Any CPU
		{B9109289-2A00-4A92-9786-9F20E56F7ECB}.Release|Any CPU.Build.0 = Release|Any CPU
		{C6252428-E9AE-4498-A00A-DBCF89792576}.Debug|Any CPU.ActiveCfg = Debug|Any CPU
		{C6252428-E9AE-4498-A00A-DBCF89792576}.Debug|Any CPU.Build.0 = Debug|Any CPU
		{C6252428-E9AE-4498-A00A-DBCF89792576}.Release|Any CPU.ActiveCfg = Release|Any CPU
		{C6252428-E9AE-4498-A00A-DBCF89792576}.Release|Any CPU.Build.0 = Release|Any CPU
		{03FDD1B7-119B-473F-B700-38B1CF29A2A5}.Debug|Any CPU.ActiveCfg = Debug|Any CPU
		{03FDD1B7-119B-473F-B700-38B1CF29A2A5}.Debug|Any CPU.Build.0 = Debug|Any CPU
		{03FDD1B7-119B-473F-B700-38B1CF29A2A5}.Release|Any CPU.ActiveCfg = Release|Any CPU
		{03FDD1B7-119B-473F-B700-38B1CF29A2A5}.Release|Any CPU.Build.0 = Release|Any CPU
		{4656723E-F4FA-442F-BA18-81DEE44008DD}.Debug|Any CPU.ActiveCfg = Debug|Any CPU
		{4656723E-F4FA-442F-BA18-81DEE44008DD}.Debug|Any CPU.Build.0 = Debug|Any CPU
		{4656723E-F4FA-442F-BA18-81DEE44008DD}.Release|Any CPU.ActiveCfg = Release|Any CPU
		{4656723E-F4FA-442F-BA18-81DEE44008DD}.Release|Any CPU.Build.0 = Release|Any CPU
		{53483EA6-7C4C-4B4C-A48C-4672450EC7A8}.Debug|Any CPU.ActiveCfg = Debug|Any CPU
		{53483EA6-7C4C-4B4C-A48C-4672450EC7A8}.Debug|Any CPU.Build.0 = Debug|Any CPU
		{53483EA6-7C4C-4B4C-A48C-4672450EC7A8}.Release|Any CPU.ActiveCfg = Release|Any CPU
		{53483EA6-7C4C-4B4C-A48C-4672450EC7A8}.Release|Any CPU.Build.0 = Release|Any CPU
		{78FF8BC6-460C-4F95-B546-129D76A088EA}.Debug|Any CPU.ActiveCfg = Debug|Any CPU
		{78FF8BC6-460C-4F95-B546-129D76A088EA}.Debug|Any CPU.Build.0 = Debug|Any CPU
		{78FF8BC6-460C-4F95-B546-129D76A088EA}.Release|Any CPU.ActiveCfg = Release|Any CPU
		{78FF8BC6-460C-4F95-B546-129D76A088EA}.Release|Any CPU.Build.0 = Release|Any CPU
		{BE0CC5E6-8E7E-49E9-9EBB-6867E506B22D}.Debug|Any CPU.ActiveCfg = Debug|Any CPU
		{BE0CC5E6-8E7E-49E9-9EBB-6867E506B22D}.Debug|Any CPU.Build.0 = Debug|Any CPU
		{BE0CC5E6-8E7E-49E9-9EBB-6867E506B22D}.Release|Any CPU.ActiveCfg = Release|Any CPU
		{BE0CC5E6-8E7E-49E9-9EBB-6867E506B22D}.Release|Any CPU.Build.0 = Release|Any CPU
		{CDACE8BC-2F88-4B1A-AF6C-629ACF0C6CB1}.Debug|Any CPU.ActiveCfg = Debug|Any CPU
		{CDACE8BC-2F88-4B1A-AF6C-629ACF0C6CB1}.Debug|Any CPU.Build.0 = Debug|Any CPU
		{CDACE8BC-2F88-4B1A-AF6C-629ACF0C6CB1}.Release|Any CPU.ActiveCfg = Release|Any CPU
		{CDACE8BC-2F88-4B1A-AF6C-629ACF0C6CB1}.Release|Any CPU.Build.0 = Release|Any CPU
		{55872D4D-78AE-4A25-84CF-7C13441DAC2D}.Debug|Any CPU.ActiveCfg = Debug|Any CPU
		{55872D4D-78AE-4A25-84CF-7C13441DAC2D}.Debug|Any CPU.Build.0 = Debug|Any CPU
		{55872D4D-78AE-4A25-84CF-7C13441DAC2D}.Release|Any CPU.ActiveCfg = Release|Any CPU
		{55872D4D-78AE-4A25-84CF-7C13441DAC2D}.Release|Any CPU.Build.0 = Release|Any CPU
		{C0E4B23D-5CBC-42D7-8E24-E687641A1AFB}.Debug|Any CPU.ActiveCfg = Debug|Any CPU
		{C0E4B23D-5CBC-42D7-8E24-E687641A1AFB}.Debug|Any CPU.Build.0 = Debug|Any CPU
		{C0E4B23D-5CBC-42D7-8E24-E687641A1AFB}.Release|Any CPU.ActiveCfg = Release|Any CPU
		{C0E4B23D-5CBC-42D7-8E24-E687641A1AFB}.Release|Any CPU.Build.0 = Release|Any CPU
		{19A2A85E-BAAB-4F48-93E6-49B1E2377F8F}.Debug|Any CPU.ActiveCfg = Debug|Any CPU
		{19A2A85E-BAAB-4F48-93E6-49B1E2377F8F}.Debug|Any CPU.Build.0 = Debug|Any CPU
		{19A2A85E-BAAB-4F48-93E6-49B1E2377F8F}.Release|Any CPU.ActiveCfg = Release|Any CPU
		{19A2A85E-BAAB-4F48-93E6-49B1E2377F8F}.Release|Any CPU.Build.0 = Release|Any CPU
		{E5847CC2-DFDE-402B-98C4-E020AEE83BFC}.Debug|Any CPU.ActiveCfg = Debug|Any CPU
		{E5847CC2-DFDE-402B-98C4-E020AEE83BFC}.Debug|Any CPU.Build.0 = Debug|Any CPU
		{E5847CC2-DFDE-402B-98C4-E020AEE83BFC}.Release|Any CPU.ActiveCfg = Release|Any CPU
		{E5847CC2-DFDE-402B-98C4-E020AEE83BFC}.Release|Any CPU.Build.0 = Release|Any CPU
		{0FA36314-883E-48DB-8B80-5372BB822775}.Debug|Any CPU.ActiveCfg = Debug|Any CPU
		{0FA36314-883E-48DB-8B80-5372BB822775}.Debug|Any CPU.Build.0 = Debug|Any CPU
		{0FA36314-883E-48DB-8B80-5372BB822775}.Release|Any CPU.ActiveCfg = Release|Any CPU
		{0FA36314-883E-48DB-8B80-5372BB822775}.Release|Any CPU.Build.0 = Release|Any CPU
		{FDC7CEF0-C3A9-4A99-B73B-A9025D77AEE2}.Debug|Any CPU.ActiveCfg = Debug|Any CPU
		{FDC7CEF0-C3A9-4A99-B73B-A9025D77AEE2}.Debug|Any CPU.Build.0 = Debug|Any CPU
		{FDC7CEF0-C3A9-4A99-B73B-A9025D77AEE2}.Release|Any CPU.ActiveCfg = Release|Any CPU
		{FDC7CEF0-C3A9-4A99-B73B-A9025D77AEE2}.Release|Any CPU.Build.0 = Release|Any CPU
		{05CCEF23-8E3A-4DB8-A249-6A291C9EF9D9}.Debug|Any CPU.ActiveCfg = Debug|Any CPU
		{05CCEF23-8E3A-4DB8-A249-6A291C9EF9D9}.Debug|Any CPU.Build.0 = Debug|Any CPU
		{05CCEF23-8E3A-4DB8-A249-6A291C9EF9D9}.Release|Any CPU.ActiveCfg = Release|Any CPU
		{05CCEF23-8E3A-4DB8-A249-6A291C9EF9D9}.Release|Any CPU.Build.0 = Release|Any CPU
		{2E27E8B3-110B-4717-AD08-722F093872C6}.Debug|Any CPU.ActiveCfg = Debug|Any CPU
		{2E27E8B3-110B-4717-AD08-722F093872C6}.Debug|Any CPU.Build.0 = Debug|Any CPU
		{2E27E8B3-110B-4717-AD08-722F093872C6}.Release|Any CPU.ActiveCfg = Release|Any CPU
		{2E27E8B3-110B-4717-AD08-722F093872C6}.Release|Any CPU.Build.0 = Release|Any CPU
		{351330B1-9684-46D1-AD8D-FDC2962B1F89}.Debug|Any CPU.ActiveCfg = Debug|Any CPU
		{351330B1-9684-46D1-AD8D-FDC2962B1F89}.Debug|Any CPU.Build.0 = Debug|Any CPU
		{351330B1-9684-46D1-AD8D-FDC2962B1F89}.Release|Any CPU.ActiveCfg = Release|Any CPU
		{351330B1-9684-46D1-AD8D-FDC2962B1F89}.Release|Any CPU.Build.0 = Release|Any CPU
		{DC5A007A-B7A2-4DD6-8AB6-A21712A7169C}.Debug|Any CPU.ActiveCfg = Debug|Any CPU
		{DC5A007A-B7A2-4DD6-8AB6-A21712A7169C}.Debug|Any CPU.Build.0 = Debug|Any CPU
		{DC5A007A-B7A2-4DD6-8AB6-A21712A7169C}.Release|Any CPU.ActiveCfg = Release|Any CPU
		{DC5A007A-B7A2-4DD6-8AB6-A21712A7169C}.Release|Any CPU.Build.0 = Release|Any CPU
		{3C4894E4-09B8-4641-8576-31A2089EF528}.Debug|Any CPU.ActiveCfg = Debug|Any CPU
		{3C4894E4-09B8-4641-8576-31A2089EF528}.Debug|Any CPU.Build.0 = Debug|Any CPU
		{3C4894E4-09B8-4641-8576-31A2089EF528}.Release|Any CPU.ActiveCfg = Release|Any CPU
		{3C4894E4-09B8-4641-8576-31A2089EF528}.Release|Any CPU.Build.0 = Release|Any CPU
		{817BA8B7-5A5D-4F71-AF98-2196CFCA1C83}.Debug|Any CPU.ActiveCfg = Debug|Any CPU
		{817BA8B7-5A5D-4F71-AF98-2196CFCA1C83}.Debug|Any CPU.Build.0 = Debug|Any CPU
		{817BA8B7-5A5D-4F71-AF98-2196CFCA1C83}.Release|Any CPU.ActiveCfg = Release|Any CPU
		{817BA8B7-5A5D-4F71-AF98-2196CFCA1C83}.Release|Any CPU.Build.0 = Release|Any CPU
		{44EF4095-E3FD-4646-A5A5-5CC285E9768A}.Debug|Any CPU.ActiveCfg = Debug|Any CPU
		{44EF4095-E3FD-4646-A5A5-5CC285E9768A}.Debug|Any CPU.Build.0 = Debug|Any CPU
		{44EF4095-E3FD-4646-A5A5-5CC285E9768A}.Release|Any CPU.ActiveCfg = Release|Any CPU
		{44EF4095-E3FD-4646-A5A5-5CC285E9768A}.Release|Any CPU.Build.0 = Release|Any CPU
		{B0C125AD-48C1-4092-A4D2-F4049457CBDA}.Debug|Any CPU.ActiveCfg = Debug|Any CPU
		{B0C125AD-48C1-4092-A4D2-F4049457CBDA}.Debug|Any CPU.Build.0 = Debug|Any CPU
		{B0C125AD-48C1-4092-A4D2-F4049457CBDA}.Release|Any CPU.ActiveCfg = Release|Any CPU
		{B0C125AD-48C1-4092-A4D2-F4049457CBDA}.Release|Any CPU.Build.0 = Release|Any CPU
		{940CB0A3-D088-44CA-ADA8-79C2AB5CE813}.Debug|Any CPU.ActiveCfg = Debug|Any CPU
		{940CB0A3-D088-44CA-ADA8-79C2AB5CE813}.Debug|Any CPU.Build.0 = Debug|Any CPU
		{940CB0A3-D088-44CA-ADA8-79C2AB5CE813}.Release|Any CPU.ActiveCfg = Release|Any CPU
		{940CB0A3-D088-44CA-ADA8-79C2AB5CE813}.Release|Any CPU.Build.0 = Release|Any CPU
		{B0527001-D2A2-4B19-A3D7-AFE06E61746B}.Debug|Any CPU.ActiveCfg = Debug|Any CPU
		{B0527001-D2A2-4B19-A3D7-AFE06E61746B}.Debug|Any CPU.Build.0 = Debug|Any CPU
		{B0527001-D2A2-4B19-A3D7-AFE06E61746B}.Release|Any CPU.ActiveCfg = Release|Any CPU
		{B0527001-D2A2-4B19-A3D7-AFE06E61746B}.Release|Any CPU.Build.0 = Release|Any CPU
		{A75C7C2B-1288-40E6-8D0E-DB29306A182B}.Debug|Any CPU.ActiveCfg = Debug|Any CPU
		{A75C7C2B-1288-40E6-8D0E-DB29306A182B}.Debug|Any CPU.Build.0 = Debug|Any CPU
		{A75C7C2B-1288-40E6-8D0E-DB29306A182B}.Release|Any CPU.ActiveCfg = Release|Any CPU
		{A75C7C2B-1288-40E6-8D0E-DB29306A182B}.Release|Any CPU.Build.0 = Release|Any CPU
		{FB417D8F-889C-4CFC-A25C-97AD754DC097}.Debug|Any CPU.ActiveCfg = Debug|Any CPU
		{FB417D8F-889C-4CFC-A25C-97AD754DC097}.Debug|Any CPU.Build.0 = Debug|Any CPU
		{FB417D8F-889C-4CFC-A25C-97AD754DC097}.Release|Any CPU.ActiveCfg = Release|Any CPU
		{FB417D8F-889C-4CFC-A25C-97AD754DC097}.Release|Any CPU.Build.0 = Release|Any CPU
		{55FA4702-E010-4EA9-851B-7179399C3DA8}.Debug|Any CPU.ActiveCfg = Debug|Any CPU
		{55FA4702-E010-4EA9-851B-7179399C3DA8}.Debug|Any CPU.Build.0 = Debug|Any CPU
		{55FA4702-E010-4EA9-851B-7179399C3DA8}.Release|Any CPU.ActiveCfg = Release|Any CPU
		{55FA4702-E010-4EA9-851B-7179399C3DA8}.Release|Any CPU.Build.0 = Release|Any CPU
		{7269FE68-4F27-4351-93FB-CEA2B26AA108}.Debug|Any CPU.ActiveCfg = Debug|Any CPU
		{7269FE68-4F27-4351-93FB-CEA2B26AA108}.Debug|Any CPU.Build.0 = Debug|Any CPU
		{7269FE68-4F27-4351-93FB-CEA2B26AA108}.Release|Any CPU.ActiveCfg = Release|Any CPU
		{7269FE68-4F27-4351-93FB-CEA2B26AA108}.Release|Any CPU.Build.0 = Release|Any CPU
		{90A86A11-5E95-4330-B4BF-CED4403ABF0F}.Debug|Any CPU.ActiveCfg = Debug|Any CPU
		{90A86A11-5E95-4330-B4BF-CED4403ABF0F}.Debug|Any CPU.Build.0 = Debug|Any CPU
		{90A86A11-5E95-4330-B4BF-CED4403ABF0F}.Release|Any CPU.ActiveCfg = Release|Any CPU
		{90A86A11-5E95-4330-B4BF-CED4403ABF0F}.Release|Any CPU.Build.0 = Release|Any CPU
		{E13943EA-455D-4A6E-9246-6578C02D1C0F}.Debug|Any CPU.ActiveCfg = Debug|Any CPU
		{E13943EA-455D-4A6E-9246-6578C02D1C0F}.Debug|Any CPU.Build.0 = Debug|Any CPU
		{E13943EA-455D-4A6E-9246-6578C02D1C0F}.Release|Any CPU.ActiveCfg = Release|Any CPU
		{E13943EA-455D-4A6E-9246-6578C02D1C0F}.Release|Any CPU.Build.0 = Release|Any CPU
		{DCB76E62-D7E7-4F45-A8A5-25E32D3E8A58}.Debug|Any CPU.ActiveCfg = Debug|Any CPU
		{DCB76E62-D7E7-4F45-A8A5-25E32D3E8A58}.Debug|Any CPU.Build.0 = Debug|Any CPU
		{DCB76E62-D7E7-4F45-A8A5-25E32D3E8A58}.Release|Any CPU.ActiveCfg = Release|Any CPU
		{DCB76E62-D7E7-4F45-A8A5-25E32D3E8A58}.Release|Any CPU.Build.0 = Release|Any CPU
		{9432DFA7-AE53-4622-84F3-C46AC2473A52}.Debug|Any CPU.ActiveCfg = Debug|Any CPU
		{9432DFA7-AE53-4622-84F3-C46AC2473A52}.Debug|Any CPU.Build.0 = Debug|Any CPU
		{9432DFA7-AE53-4622-84F3-C46AC2473A52}.Release|Any CPU.ActiveCfg = Release|Any CPU
		{9432DFA7-AE53-4622-84F3-C46AC2473A52}.Release|Any CPU.Build.0 = Release|Any CPU
		{63ADE590-B399-48A6-B857-8E4B6D5D9A5F}.Debug|Any CPU.ActiveCfg = Debug|Any CPU
		{63ADE590-B399-48A6-B857-8E4B6D5D9A5F}.Debug|Any CPU.Build.0 = Debug|Any CPU
		{63ADE590-B399-48A6-B857-8E4B6D5D9A5F}.Release|Any CPU.ActiveCfg = Release|Any CPU
		{63ADE590-B399-48A6-B857-8E4B6D5D9A5F}.Release|Any CPU.Build.0 = Release|Any CPU
		{2DAE8E76-36C6-4F69-97A6-1741FED9C284}.Debug|Any CPU.ActiveCfg = Debug|Any CPU
		{2DAE8E76-36C6-4F69-97A6-1741FED9C284}.Debug|Any CPU.Build.0 = Debug|Any CPU
		{2DAE8E76-36C6-4F69-97A6-1741FED9C284}.Release|Any CPU.ActiveCfg = Release|Any CPU
		{2DAE8E76-36C6-4F69-97A6-1741FED9C284}.Release|Any CPU.Build.0 = Release|Any CPU
		{65D4B973-3A28-4931-89F3-635AD290B1FA}.Debug|Any CPU.ActiveCfg = Debug|Any CPU
		{65D4B973-3A28-4931-89F3-635AD290B1FA}.Debug|Any CPU.Build.0 = Debug|Any CPU
		{65D4B973-3A28-4931-89F3-635AD290B1FA}.Release|Any CPU.ActiveCfg = Release|Any CPU
		{65D4B973-3A28-4931-89F3-635AD290B1FA}.Release|Any CPU.Build.0 = Release|Any CPU
		{19A0E254-7CD0-4E1A-A29F-E34F17DD5EEC}.Debug|Any CPU.ActiveCfg = Debug|Any CPU
		{19A0E254-7CD0-4E1A-A29F-E34F17DD5EEC}.Debug|Any CPU.Build.0 = Debug|Any CPU
		{19A0E254-7CD0-4E1A-A29F-E34F17DD5EEC}.Release|Any CPU.ActiveCfg = Release|Any CPU
		{19A0E254-7CD0-4E1A-A29F-E34F17DD5EEC}.Release|Any CPU.Build.0 = Release|Any CPU
		{109E97B3-4958-4F05-8D7D-587C5F468973}.Debug|Any CPU.ActiveCfg = Debug|Any CPU
		{109E97B3-4958-4F05-8D7D-587C5F468973}.Debug|Any CPU.Build.0 = Debug|Any CPU
		{109E97B3-4958-4F05-8D7D-587C5F468973}.Release|Any CPU.ActiveCfg = Release|Any CPU
		{109E97B3-4958-4F05-8D7D-587C5F468973}.Release|Any CPU.Build.0 = Release|Any CPU
		{5BEAD07B-BDD1-4DA5-BD15-491D27044CC5}.Debug|Any CPU.ActiveCfg = Debug|Any CPU
		{5BEAD07B-BDD1-4DA5-BD15-491D27044CC5}.Debug|Any CPU.Build.0 = Debug|Any CPU
		{5BEAD07B-BDD1-4DA5-BD15-491D27044CC5}.Release|Any CPU.ActiveCfg = Release|Any CPU
		{5BEAD07B-BDD1-4DA5-BD15-491D27044CC5}.Release|Any CPU.Build.0 = Release|Any CPU
		{C81AA44A-8720-4042-B7D3-1DCF8B81BA86}.Debug|Any CPU.ActiveCfg = Debug|Any CPU
		{C81AA44A-8720-4042-B7D3-1DCF8B81BA86}.Debug|Any CPU.Build.0 = Debug|Any CPU
		{C81AA44A-8720-4042-B7D3-1DCF8B81BA86}.Release|Any CPU.ActiveCfg = Release|Any CPU
		{C81AA44A-8720-4042-B7D3-1DCF8B81BA86}.Release|Any CPU.Build.0 = Release|Any CPU
		{EB48315A-2B6D-4ADA-A826-6B1F7CEEF445}.Debug|Any CPU.ActiveCfg = Debug|Any CPU
		{EB48315A-2B6D-4ADA-A826-6B1F7CEEF445}.Debug|Any CPU.Build.0 = Debug|Any CPU
		{EB48315A-2B6D-4ADA-A826-6B1F7CEEF445}.Release|Any CPU.ActiveCfg = Release|Any CPU
		{EB48315A-2B6D-4ADA-A826-6B1F7CEEF445}.Release|Any CPU.Build.0 = Release|Any CPU
		{792E4CEF-D4BD-45A8-8120-5ACB7A75D261}.Debug|Any CPU.ActiveCfg = Debug|Any CPU
		{792E4CEF-D4BD-45A8-8120-5ACB7A75D261}.Debug|Any CPU.Build.0 = Debug|Any CPU
		{792E4CEF-D4BD-45A8-8120-5ACB7A75D261}.Release|Any CPU.ActiveCfg = Release|Any CPU
		{792E4CEF-D4BD-45A8-8120-5ACB7A75D261}.Release|Any CPU.Build.0 = Release|Any CPU
		{9E2080FF-EE36-4CE5-A483-1D72971C565A}.Debug|Any CPU.ActiveCfg = Debug|Any CPU
		{9E2080FF-EE36-4CE5-A483-1D72971C565A}.Debug|Any CPU.Build.0 = Debug|Any CPU
		{9E2080FF-EE36-4CE5-A483-1D72971C565A}.Release|Any CPU.ActiveCfg = Release|Any CPU
		{9E2080FF-EE36-4CE5-A483-1D72971C565A}.Release|Any CPU.Build.0 = Release|Any CPU
		{39345E05-78E3-4AAF-80F0-3981900E46F3}.Debug|Any CPU.ActiveCfg = Debug|Any CPU
		{39345E05-78E3-4AAF-80F0-3981900E46F3}.Debug|Any CPU.Build.0 = Debug|Any CPU
		{39345E05-78E3-4AAF-80F0-3981900E46F3}.Release|Any CPU.ActiveCfg = Release|Any CPU
		{39345E05-78E3-4AAF-80F0-3981900E46F3}.Release|Any CPU.Build.0 = Release|Any CPU
		{211DB833-616C-4EB9-8EBE-57F3C20977FD}.Debug|Any CPU.ActiveCfg = Debug|Any CPU
		{211DB833-616C-4EB9-8EBE-57F3C20977FD}.Debug|Any CPU.Build.0 = Debug|Any CPU
		{211DB833-616C-4EB9-8EBE-57F3C20977FD}.Release|Any CPU.ActiveCfg = Release|Any CPU
		{211DB833-616C-4EB9-8EBE-57F3C20977FD}.Release|Any CPU.Build.0 = Release|Any CPU
		{3E51AAA2-47F4-42D4-BCED-C1E2634D98B1}.Debug|Any CPU.ActiveCfg = Debug|Any CPU
		{3E51AAA2-47F4-42D4-BCED-C1E2634D98B1}.Debug|Any CPU.Build.0 = Debug|Any CPU
		{3E51AAA2-47F4-42D4-BCED-C1E2634D98B1}.Release|Any CPU.ActiveCfg = Release|Any CPU
		{3E51AAA2-47F4-42D4-BCED-C1E2634D98B1}.Release|Any CPU.Build.0 = Release|Any CPU
		{CE0C3442-E558-49FF-B597-B159CFD80F52}.Debug|Any CPU.ActiveCfg = Debug|Any CPU
		{CE0C3442-E558-49FF-B597-B159CFD80F52}.Debug|Any CPU.Build.0 = Debug|Any CPU
		{CE0C3442-E558-49FF-B597-B159CFD80F52}.Release|Any CPU.ActiveCfg = Release|Any CPU
		{CE0C3442-E558-49FF-B597-B159CFD80F52}.Release|Any CPU.Build.0 = Release|Any CPU
		{A31157DC-69B9-46E1-B196-19B531791420}.Debug|Any CPU.ActiveCfg = Debug|Any CPU
		{A31157DC-69B9-46E1-B196-19B531791420}.Debug|Any CPU.Build.0 = Debug|Any CPU
		{A31157DC-69B9-46E1-B196-19B531791420}.Release|Any CPU.ActiveCfg = Release|Any CPU
		{A31157DC-69B9-46E1-B196-19B531791420}.Release|Any CPU.Build.0 = Release|Any CPU
		{37A9F14F-D9DA-4594-9187-89C65360A34C}.Debug|Any CPU.ActiveCfg = Debug|Any CPU
		{37A9F14F-D9DA-4594-9187-89C65360A34C}.Debug|Any CPU.Build.0 = Debug|Any CPU
		{37A9F14F-D9DA-4594-9187-89C65360A34C}.Release|Any CPU.ActiveCfg = Release|Any CPU
		{37A9F14F-D9DA-4594-9187-89C65360A34C}.Release|Any CPU.Build.0 = Release|Any CPU
		{1AEFE888-729A-446A-8751-DCA1C3CCAA92}.Debug|Any CPU.ActiveCfg = Debug|Any CPU
		{1AEFE888-729A-446A-8751-DCA1C3CCAA92}.Debug|Any CPU.Build.0 = Debug|Any CPU
		{1AEFE888-729A-446A-8751-DCA1C3CCAA92}.Release|Any CPU.ActiveCfg = Release|Any CPU
		{1AEFE888-729A-446A-8751-DCA1C3CCAA92}.Release|Any CPU.Build.0 = Release|Any CPU
		{C599136A-3095-4322-AB44-7770265CEE1D}.Debug|Any CPU.ActiveCfg = Debug|Any CPU
		{C599136A-3095-4322-AB44-7770265CEE1D}.Debug|Any CPU.Build.0 = Debug|Any CPU
		{C599136A-3095-4322-AB44-7770265CEE1D}.Release|Any CPU.ActiveCfg = Release|Any CPU
		{C599136A-3095-4322-AB44-7770265CEE1D}.Release|Any CPU.Build.0 = Release|Any CPU
		{A1D44DC2-AAFC-42DF-8E66-1E529BF2E76F}.Debug|Any CPU.ActiveCfg = Debug|Any CPU
		{A1D44DC2-AAFC-42DF-8E66-1E529BF2E76F}.Debug|Any CPU.Build.0 = Debug|Any CPU
		{A1D44DC2-AAFC-42DF-8E66-1E529BF2E76F}.Release|Any CPU.ActiveCfg = Release|Any CPU
		{A1D44DC2-AAFC-42DF-8E66-1E529BF2E76F}.Release|Any CPU.Build.0 = Release|Any CPU
		{F6C26AEE-0233-41AC-BDE6-C4150B1AF279}.Debug|Any CPU.ActiveCfg = Debug|Any CPU
		{F6C26AEE-0233-41AC-BDE6-C4150B1AF279}.Debug|Any CPU.Build.0 = Debug|Any CPU
		{F6C26AEE-0233-41AC-BDE6-C4150B1AF279}.Release|Any CPU.ActiveCfg = Release|Any CPU
		{F6C26AEE-0233-41AC-BDE6-C4150B1AF279}.Release|Any CPU.Build.0 = Release|Any CPU
		{8B281CF3-3F41-4FC0-97C7-ED2124678A55}.Debug|Any CPU.ActiveCfg = Debug|Any CPU
		{8B281CF3-3F41-4FC0-97C7-ED2124678A55}.Debug|Any CPU.Build.0 = Debug|Any CPU
		{8B281CF3-3F41-4FC0-97C7-ED2124678A55}.Release|Any CPU.ActiveCfg = Release|Any CPU
		{8B281CF3-3F41-4FC0-97C7-ED2124678A55}.Release|Any CPU.Build.0 = Release|Any CPU
		{790858F4-A8A5-48A5-925C-D358740938A1}.Debug|Any CPU.ActiveCfg = Debug|Any CPU
		{790858F4-A8A5-48A5-925C-D358740938A1}.Debug|Any CPU.Build.0 = Debug|Any CPU
		{790858F4-A8A5-48A5-925C-D358740938A1}.Release|Any CPU.ActiveCfg = Release|Any CPU
		{790858F4-A8A5-48A5-925C-D358740938A1}.Release|Any CPU.Build.0 = Release|Any CPU
		{AB0D72A6-0103-44E7-9D77-48B88456E22E}.Debug|Any CPU.ActiveCfg = Debug|Any CPU
		{AB0D72A6-0103-44E7-9D77-48B88456E22E}.Debug|Any CPU.Build.0 = Debug|Any CPU
		{AB0D72A6-0103-44E7-9D77-48B88456E22E}.Release|Any CPU.ActiveCfg = Release|Any CPU
		{AB0D72A6-0103-44E7-9D77-48B88456E22E}.Release|Any CPU.Build.0 = Release|Any CPU
		{055D78B0-3D20-C955-66ED-5028782CF429}.Debug|Any CPU.ActiveCfg = Debug|Any CPU
		{055D78B0-3D20-C955-66ED-5028782CF429}.Debug|Any CPU.Build.0 = Debug|Any CPU
		{055D78B0-3D20-C955-66ED-5028782CF429}.Release|Any CPU.ActiveCfg = Release|Any CPU
		{055D78B0-3D20-C955-66ED-5028782CF429}.Release|Any CPU.Build.0 = Release|Any CPU
		{F3642BA3-2A4A-5BEC-5B7E-DED257179686}.Debug|Any CPU.ActiveCfg = Debug|Any CPU
		{F3642BA3-2A4A-5BEC-5B7E-DED257179686}.Debug|Any CPU.Build.0 = Debug|Any CPU
		{F3642BA3-2A4A-5BEC-5B7E-DED257179686}.Release|Any CPU.ActiveCfg = Release|Any CPU
		{F3642BA3-2A4A-5BEC-5B7E-DED257179686}.Release|Any CPU.Build.0 = Release|Any CPU
		{C10F3A20-38E7-27FA-4609-FE254C1962EF}.Debug|Any CPU.ActiveCfg = Debug|Any CPU
		{C10F3A20-38E7-27FA-4609-FE254C1962EF}.Debug|Any CPU.Build.0 = Debug|Any CPU
		{C10F3A20-38E7-27FA-4609-FE254C1962EF}.Release|Any CPU.ActiveCfg = Release|Any CPU
		{C10F3A20-38E7-27FA-4609-FE254C1962EF}.Release|Any CPU.Build.0 = Release|Any CPU
		{6150F20F-E742-D5A1-776E-8DEC8C408F83}.Debug|Any CPU.ActiveCfg = Debug|Any CPU
		{6150F20F-E742-D5A1-776E-8DEC8C408F83}.Debug|Any CPU.Build.0 = Debug|Any CPU
		{6150F20F-E742-D5A1-776E-8DEC8C408F83}.Release|Any CPU.ActiveCfg = Release|Any CPU
		{6150F20F-E742-D5A1-776E-8DEC8C408F83}.Release|Any CPU.Build.0 = Release|Any CPU
		{82A2FC67-1782-0665-3F69-3E68383DAE71}.Debug|Any CPU.ActiveCfg = Debug|Any CPU
		{82A2FC67-1782-0665-3F69-3E68383DAE71}.Debug|Any CPU.Build.0 = Debug|Any CPU
		{82A2FC67-1782-0665-3F69-3E68383DAE71}.Release|Any CPU.ActiveCfg = Release|Any CPU
		{82A2FC67-1782-0665-3F69-3E68383DAE71}.Release|Any CPU.Build.0 = Release|Any CPU
		{6F050710-83D4-B04F-7DC6-C0339AB5DE6F}.Debug|Any CPU.ActiveCfg = Debug|Any CPU
		{6F050710-83D4-B04F-7DC6-C0339AB5DE6F}.Debug|Any CPU.Build.0 = Debug|Any CPU
		{6F050710-83D4-B04F-7DC6-C0339AB5DE6F}.Release|Any CPU.ActiveCfg = Release|Any CPU
		{6F050710-83D4-B04F-7DC6-C0339AB5DE6F}.Release|Any CPU.Build.0 = Release|Any CPU
		{DD4A4D95-057E-7FF4-28AA-4B1076057373}.Debug|Any CPU.ActiveCfg = Debug|Any CPU
		{DD4A4D95-057E-7FF4-28AA-4B1076057373}.Debug|Any CPU.Build.0 = Debug|Any CPU
		{DD4A4D95-057E-7FF4-28AA-4B1076057373}.Release|Any CPU.ActiveCfg = Release|Any CPU
		{DD4A4D95-057E-7FF4-28AA-4B1076057373}.Release|Any CPU.Build.0 = Release|Any CPU
		{33F1AD93-2810-644F-A7D1-62FB1DA21DF7}.Debug|Any CPU.ActiveCfg = Debug|Any CPU
		{33F1AD93-2810-644F-A7D1-62FB1DA21DF7}.Debug|Any CPU.Build.0 = Debug|Any CPU
		{33F1AD93-2810-644F-A7D1-62FB1DA21DF7}.Release|Any CPU.ActiveCfg = Release|Any CPU
		{33F1AD93-2810-644F-A7D1-62FB1DA21DF7}.Release|Any CPU.Build.0 = Release|Any CPU
		{EAAD710C-74A9-161F-BDD9-689E8A793B91}.Debug|Any CPU.ActiveCfg = Debug|Any CPU
		{EAAD710C-74A9-161F-BDD9-689E8A793B91}.Debug|Any CPU.Build.0 = Debug|Any CPU
		{EAAD710C-74A9-161F-BDD9-689E8A793B91}.Release|Any CPU.ActiveCfg = Release|Any CPU
		{EAAD710C-74A9-161F-BDD9-689E8A793B91}.Release|Any CPU.Build.0 = Release|Any CPU
		{2D4CFE45-74FC-3EC4-4E42-09121C2441DF}.Debug|Any CPU.ActiveCfg = Debug|Any CPU
		{2D4CFE45-74FC-3EC4-4E42-09121C2441DF}.Debug|Any CPU.Build.0 = Debug|Any CPU
		{2D4CFE45-74FC-3EC4-4E42-09121C2441DF}.Release|Any CPU.ActiveCfg = Release|Any CPU
		{2D4CFE45-74FC-3EC4-4E42-09121C2441DF}.Release|Any CPU.Build.0 = Release|Any CPU
		{33CB437D-B9C6-5787-4B38-3CD380C4C3D8}.Debug|Any CPU.ActiveCfg = Debug|Any CPU
		{33CB437D-B9C6-5787-4B38-3CD380C4C3D8}.Debug|Any CPU.Build.0 = Debug|Any CPU
		{33CB437D-B9C6-5787-4B38-3CD380C4C3D8}.Release|Any CPU.ActiveCfg = Release|Any CPU
		{33CB437D-B9C6-5787-4B38-3CD380C4C3D8}.Release|Any CPU.Build.0 = Release|Any CPU
		{EF021AAD-C8A4-4708-8D34-260B86F5EA64}.Debug|Any CPU.ActiveCfg = Debug|Any CPU
		{EF021AAD-C8A4-4708-8D34-260B86F5EA64}.Debug|Any CPU.Build.0 = Debug|Any CPU
		{EF021AAD-C8A4-4708-8D34-260B86F5EA64}.Release|Any CPU.ActiveCfg = Release|Any CPU
		{EF021AAD-C8A4-4708-8D34-260B86F5EA64}.Release|Any CPU.Build.0 = Release|Any CPU
		{BF804804-7C5E-4639-B86F-296CB643177A}.Debug|Any CPU.ActiveCfg = Debug|Any CPU
		{BF804804-7C5E-4639-B86F-296CB643177A}.Debug|Any CPU.Build.0 = Debug|Any CPU
		{BF804804-7C5E-4639-B86F-296CB643177A}.Release|Any CPU.ActiveCfg = Release|Any CPU
		{BF804804-7C5E-4639-B86F-296CB643177A}.Release|Any CPU.Build.0 = Release|Any CPU
		{723C00EA-E7E7-4E9E-9C4B-B18EE1EA9EED}.Debug|Any CPU.ActiveCfg = Debug|Any CPU
		{723C00EA-E7E7-4E9E-9C4B-B18EE1EA9EED}.Debug|Any CPU.Build.0 = Debug|Any CPU
		{723C00EA-E7E7-4E9E-9C4B-B18EE1EA9EED}.Release|Any CPU.ActiveCfg = Release|Any CPU
		{723C00EA-E7E7-4E9E-9C4B-B18EE1EA9EED}.Release|Any CPU.Build.0 = Release|Any CPU
		{70A8946E-915F-46DF-8601-E4A0AB79DB2B}.Debug|Any CPU.ActiveCfg = Debug|Any CPU
		{70A8946E-915F-46DF-8601-E4A0AB79DB2B}.Debug|Any CPU.Build.0 = Debug|Any CPU
		{70A8946E-915F-46DF-8601-E4A0AB79DB2B}.Release|Any CPU.ActiveCfg = Release|Any CPU
		{70A8946E-915F-46DF-8601-E4A0AB79DB2B}.Release|Any CPU.Build.0 = Release|Any CPU
		{A49BC784-E64A-4162-B0B8-BE8051FB80E0}.Debug|Any CPU.ActiveCfg = Debug|Any CPU
		{A49BC784-E64A-4162-B0B8-BE8051FB80E0}.Debug|Any CPU.Build.0 = Debug|Any CPU
		{A49BC784-E64A-4162-B0B8-BE8051FB80E0}.Release|Any CPU.ActiveCfg = Release|Any CPU
		{A49BC784-E64A-4162-B0B8-BE8051FB80E0}.Release|Any CPU.Build.0 = Release|Any CPU
		{385A7B17-2C41-4AFD-BB4E-5E12D29D0B85}.Debug|Any CPU.ActiveCfg = Debug|Any CPU
		{385A7B17-2C41-4AFD-BB4E-5E12D29D0B85}.Debug|Any CPU.Build.0 = Debug|Any CPU
		{385A7B17-2C41-4AFD-BB4E-5E12D29D0B85}.Release|Any CPU.ActiveCfg = Release|Any CPU
		{385A7B17-2C41-4AFD-BB4E-5E12D29D0B85}.Release|Any CPU.Build.0 = Release|Any CPU
		{88D91508-1218-4BAF-B315-DE1248D9FA05}.Debug|Any CPU.ActiveCfg = Debug|Any CPU
		{88D91508-1218-4BAF-B315-DE1248D9FA05}.Debug|Any CPU.Build.0 = Debug|Any CPU
		{88D91508-1218-4BAF-B315-DE1248D9FA05}.Release|Any CPU.ActiveCfg = Release|Any CPU
		{88D91508-1218-4BAF-B315-DE1248D9FA05}.Release|Any CPU.Build.0 = Release|Any CPU
		{377045BC-A45D-4815-9C12-5B8D5049752B}.Debug|Any CPU.ActiveCfg = Debug|Any CPU
		{377045BC-A45D-4815-9C12-5B8D5049752B}.Debug|Any CPU.Build.0 = Debug|Any CPU
		{377045BC-A45D-4815-9C12-5B8D5049752B}.Release|Any CPU.ActiveCfg = Release|Any CPU
		{377045BC-A45D-4815-9C12-5B8D5049752B}.Release|Any CPU.Build.0 = Release|Any CPU
		{C068423A-1320-48EA-B81B-C5D450433C45}.Debug|Any CPU.ActiveCfg = Debug|Any CPU
		{C068423A-1320-48EA-B81B-C5D450433C45}.Debug|Any CPU.Build.0 = Debug|Any CPU
		{C068423A-1320-48EA-B81B-C5D450433C45}.Release|Any CPU.ActiveCfg = Release|Any CPU
		{C068423A-1320-48EA-B81B-C5D450433C45}.Release|Any CPU.Build.0 = Release|Any CPU
		{56F08A43-5BEF-49AB-9AFF-DE419C269193}.Debug|Any CPU.ActiveCfg = Debug|Any CPU
		{56F08A43-5BEF-49AB-9AFF-DE419C269193}.Debug|Any CPU.Build.0 = Debug|Any CPU
		{56F08A43-5BEF-49AB-9AFF-DE419C269193}.Release|Any CPU.ActiveCfg = Release|Any CPU
		{56F08A43-5BEF-49AB-9AFF-DE419C269193}.Release|Any CPU.Build.0 = Release|Any CPU
		{D4DA8D80-AB2F-44C5-98C8-C16AD118520B}.Debug|Any CPU.ActiveCfg = Debug|Any CPU
		{D4DA8D80-AB2F-44C5-98C8-C16AD118520B}.Debug|Any CPU.Build.0 = Debug|Any CPU
		{D4DA8D80-AB2F-44C5-98C8-C16AD118520B}.Release|Any CPU.ActiveCfg = Release|Any CPU
		{D4DA8D80-AB2F-44C5-98C8-C16AD118520B}.Release|Any CPU.Build.0 = Release|Any CPU
		{F9498ABC-D4B5-4214-9449-3C8AE4DD2EFF}.Debug|Any CPU.ActiveCfg = Debug|Any CPU
		{F9498ABC-D4B5-4214-9449-3C8AE4DD2EFF}.Debug|Any CPU.Build.0 = Debug|Any CPU
		{F9498ABC-D4B5-4214-9449-3C8AE4DD2EFF}.Release|Any CPU.ActiveCfg = Release|Any CPU
		{F9498ABC-D4B5-4214-9449-3C8AE4DD2EFF}.Release|Any CPU.Build.0 = Release|Any CPU
		{5A1B0924-C542-4859-B2E1-4AB7C6F8598D}.Debug|Any CPU.ActiveCfg = Debug|Any CPU
		{5A1B0924-C542-4859-B2E1-4AB7C6F8598D}.Debug|Any CPU.Build.0 = Debug|Any CPU
		{5A1B0924-C542-4859-B2E1-4AB7C6F8598D}.Release|Any CPU.ActiveCfg = Release|Any CPU
		{5A1B0924-C542-4859-B2E1-4AB7C6F8598D}.Release|Any CPU.Build.0 = Release|Any CPU
		{234E2E55-99BB-49BD-A860-0B50D4C79F79}.Debug|Any CPU.ActiveCfg = Debug|Any CPU
		{234E2E55-99BB-49BD-A860-0B50D4C79F79}.Debug|Any CPU.Build.0 = Debug|Any CPU
		{234E2E55-99BB-49BD-A860-0B50D4C79F79}.Release|Any CPU.ActiveCfg = Release|Any CPU
		{234E2E55-99BB-49BD-A860-0B50D4C79F79}.Release|Any CPU.Build.0 = Release|Any CPU
		{7F774218-0BCA-461A-810C-C3D70FD9BC13}.Debug|Any CPU.ActiveCfg = Debug|Any CPU
		{7F774218-0BCA-461A-810C-C3D70FD9BC13}.Debug|Any CPU.Build.0 = Debug|Any CPU
		{7F774218-0BCA-461A-810C-C3D70FD9BC13}.Release|Any CPU.ActiveCfg = Release|Any CPU
		{7F774218-0BCA-461A-810C-C3D70FD9BC13}.Release|Any CPU.Build.0 = Release|Any CPU
		{81EBCE0B-A7AD-41AB-B8CB-E92F544E941E}.Debug|Any CPU.ActiveCfg = Debug|Any CPU
		{81EBCE0B-A7AD-41AB-B8CB-E92F544E941E}.Debug|Any CPU.Build.0 = Debug|Any CPU
		{81EBCE0B-A7AD-41AB-B8CB-E92F544E941E}.Release|Any CPU.ActiveCfg = Release|Any CPU
		{81EBCE0B-A7AD-41AB-B8CB-E92F544E941E}.Release|Any CPU.Build.0 = Release|Any CPU
		{C33547E6-B842-4370-BE67-A5AE7F0E9970}.Debug|Any CPU.ActiveCfg = Debug|Any CPU
		{C33547E6-B842-4370-BE67-A5AE7F0E9970}.Debug|Any CPU.Build.0 = Debug|Any CPU
		{C33547E6-B842-4370-BE67-A5AE7F0E9970}.Release|Any CPU.ActiveCfg = Release|Any CPU
		{C33547E6-B842-4370-BE67-A5AE7F0E9970}.Release|Any CPU.Build.0 = Release|Any CPU
		{B4C98E78-8B22-43D3-9AF0-E4370AB60B00}.Debug|Any CPU.ActiveCfg = Debug|Any CPU
		{B4C98E78-8B22-43D3-9AF0-E4370AB60B00}.Debug|Any CPU.Build.0 = Debug|Any CPU
		{B4C98E78-8B22-43D3-9AF0-E4370AB60B00}.Release|Any CPU.ActiveCfg = Release|Any CPU
		{B4C98E78-8B22-43D3-9AF0-E4370AB60B00}.Release|Any CPU.Build.0 = Release|Any CPU
		{B39AAAE3-81E7-4C89-A532-376AD9DB5AA9}.Debug|Any CPU.ActiveCfg = Debug|Any CPU
		{B39AAAE3-81E7-4C89-A532-376AD9DB5AA9}.Debug|Any CPU.Build.0 = Debug|Any CPU
		{B39AAAE3-81E7-4C89-A532-376AD9DB5AA9}.Release|Any CPU.ActiveCfg = Release|Any CPU
		{B39AAAE3-81E7-4C89-A532-376AD9DB5AA9}.Release|Any CPU.Build.0 = Release|Any CPU
		{0646729A-22E3-476A-B415-CD59702BAFA2}.Debug|Any CPU.ActiveCfg = Debug|Any CPU
		{0646729A-22E3-476A-B415-CD59702BAFA2}.Debug|Any CPU.Build.0 = Debug|Any CPU
		{0646729A-22E3-476A-B415-CD59702BAFA2}.Release|Any CPU.ActiveCfg = Release|Any CPU
		{0646729A-22E3-476A-B415-CD59702BAFA2}.Release|Any CPU.Build.0 = Release|Any CPU
		{C8691F9A-1246-4783-A6B8-0757C5F1D153}.Debug|Any CPU.ActiveCfg = Debug|Any CPU
		{C8691F9A-1246-4783-A6B8-0757C5F1D153}.Debug|Any CPU.Build.0 = Debug|Any CPU
		{C8691F9A-1246-4783-A6B8-0757C5F1D153}.Release|Any CPU.ActiveCfg = Release|Any CPU
		{C8691F9A-1246-4783-A6B8-0757C5F1D153}.Release|Any CPU.Build.0 = Release|Any CPU
		{A4EEA94D-44D7-40B2-A04E-D0B7A3D9E16C}.Debug|Any CPU.ActiveCfg = Debug|Any CPU
		{A4EEA94D-44D7-40B2-A04E-D0B7A3D9E16C}.Debug|Any CPU.Build.0 = Debug|Any CPU
		{A4EEA94D-44D7-40B2-A04E-D0B7A3D9E16C}.Release|Any CPU.ActiveCfg = Release|Any CPU
		{A4EEA94D-44D7-40B2-A04E-D0B7A3D9E16C}.Release|Any CPU.Build.0 = Release|Any CPU
		{B89E50CC-4F25-4A2D-B570-614A580084DA}.Debug|Any CPU.ActiveCfg = Debug|Any CPU
		{B89E50CC-4F25-4A2D-B570-614A580084DA}.Debug|Any CPU.Build.0 = Debug|Any CPU
		{B89E50CC-4F25-4A2D-B570-614A580084DA}.Release|Any CPU.ActiveCfg = Release|Any CPU
		{B89E50CC-4F25-4A2D-B570-614A580084DA}.Release|Any CPU.Build.0 = Release|Any CPU
		{2642CF6A-1F8D-4436-93A4-8D0DEF44D932}.Debug|Any CPU.ActiveCfg = Debug|Any CPU
		{2642CF6A-1F8D-4436-93A4-8D0DEF44D932}.Debug|Any CPU.Build.0 = Debug|Any CPU
		{2642CF6A-1F8D-4436-93A4-8D0DEF44D932}.Release|Any CPU.ActiveCfg = Release|Any CPU
		{2642CF6A-1F8D-4436-93A4-8D0DEF44D932}.Release|Any CPU.Build.0 = Release|Any CPU
		{A5083611-3A81-40D1-9012-6E28B545EF91}.Debug|Any CPU.ActiveCfg = Debug|Any CPU
		{A5083611-3A81-40D1-9012-6E28B545EF91}.Debug|Any CPU.Build.0 = Debug|Any CPU
		{A5083611-3A81-40D1-9012-6E28B545EF91}.Release|Any CPU.ActiveCfg = Release|Any CPU
		{A5083611-3A81-40D1-9012-6E28B545EF91}.Release|Any CPU.Build.0 = Release|Any CPU
		{EC5C3636-AB9A-470F-8174-2DD776656DA0}.Debug|Any CPU.ActiveCfg = Debug|Any CPU
		{EC5C3636-AB9A-470F-8174-2DD776656DA0}.Debug|Any CPU.Build.0 = Debug|Any CPU
		{EC5C3636-AB9A-470F-8174-2DD776656DA0}.Release|Any CPU.ActiveCfg = Release|Any CPU
		{EC5C3636-AB9A-470F-8174-2DD776656DA0}.Release|Any CPU.Build.0 = Release|Any CPU
		{63284E4D-1791-40EF-8FB4-7649962EE83A}.Debug|Any CPU.ActiveCfg = Debug|Any CPU
		{63284E4D-1791-40EF-8FB4-7649962EE83A}.Debug|Any CPU.Build.0 = Debug|Any CPU
		{63284E4D-1791-40EF-8FB4-7649962EE83A}.Release|Any CPU.ActiveCfg = Release|Any CPU
		{63284E4D-1791-40EF-8FB4-7649962EE83A}.Release|Any CPU.Build.0 = Release|Any CPU
		{CDFC6B06-9E54-4161-B4A5-E3012FAC509B}.Debug|Any CPU.ActiveCfg = Debug|Any CPU
		{CDFC6B06-9E54-4161-B4A5-E3012FAC509B}.Debug|Any CPU.Build.0 = Debug|Any CPU
		{CDFC6B06-9E54-4161-B4A5-E3012FAC509B}.Release|Any CPU.ActiveCfg = Release|Any CPU
		{CDFC6B06-9E54-4161-B4A5-E3012FAC509B}.Release|Any CPU.Build.0 = Release|Any CPU
		{A582BF77-DF40-4E03-AB11-7DC12041D88E}.Debug|Any CPU.ActiveCfg = Debug|Any CPU
		{A582BF77-DF40-4E03-AB11-7DC12041D88E}.Debug|Any CPU.Build.0 = Debug|Any CPU
		{A582BF77-DF40-4E03-AB11-7DC12041D88E}.Release|Any CPU.ActiveCfg = Release|Any CPU
		{A582BF77-DF40-4E03-AB11-7DC12041D88E}.Release|Any CPU.Build.0 = Release|Any CPU
	EndGlobalSection
	GlobalSection(SolutionProperties) = preSolution
		HideSolutionNode = FALSE
	EndGlobalSection
	GlobalSection(NestedProjects) = preSolution
		{7B1E829E-A91E-4C59-8A1C-B80275A41F36} = {0E2298E5-0DB7-495D-9A09-A6A1B4C07A71}
		{B9109289-2A00-4A92-9786-9F20E56F7ECB} = {0E2298E5-0DB7-495D-9A09-A6A1B4C07A71}
		{C6252428-E9AE-4498-A00A-DBCF89792576} = {F30410F2-2AE9-40E2-B6B3-3ADDCB070032}
		{03FDD1B7-119B-473F-B700-38B1CF29A2A5} = {F30410F2-2AE9-40E2-B6B3-3ADDCB070032}
		{4656723E-F4FA-442F-BA18-81DEE44008DD} = {F30410F2-2AE9-40E2-B6B3-3ADDCB070032}
		{53483EA6-7C4C-4B4C-A48C-4672450EC7A8} = {F30410F2-2AE9-40E2-B6B3-3ADDCB070032}
		{78FF8BC6-460C-4F95-B546-129D76A088EA} = {F30410F2-2AE9-40E2-B6B3-3ADDCB070032}
		{BE0CC5E6-8E7E-49E9-9EBB-6867E506B22D} = {0E2298E5-0DB7-495D-9A09-A6A1B4C07A71}
		{CDACE8BC-2F88-4B1A-AF6C-629ACF0C6CB1} = {8D1B1D91-B4DE-4DF9-A253-14777B4B4E40}
		{55872D4D-78AE-4A25-84CF-7C13441DAC2D} = {8D1B1D91-B4DE-4DF9-A253-14777B4B4E40}
		{C0E4B23D-5CBC-42D7-8E24-E687641A1AFB} = {8D1B1D91-B4DE-4DF9-A253-14777B4B4E40}
		{19A2A85E-BAAB-4F48-93E6-49B1E2377F8F} = {8D1B1D91-B4DE-4DF9-A253-14777B4B4E40}
		{E5847CC2-DFDE-402B-98C4-E020AEE83BFC} = {8D1B1D91-B4DE-4DF9-A253-14777B4B4E40}
		{0FA36314-883E-48DB-8B80-5372BB822775} = {8D1B1D91-B4DE-4DF9-A253-14777B4B4E40}
		{FDC7CEF0-C3A9-4A99-B73B-A9025D77AEE2} = {1B4018CC-86F3-480B-83A0-5A67D0D397E5}
		{05CCEF23-8E3A-4DB8-A249-6A291C9EF9D9} = {1B4018CC-86F3-480B-83A0-5A67D0D397E5}
		{2E27E8B3-110B-4717-AD08-722F093872C6} = {1B4018CC-86F3-480B-83A0-5A67D0D397E5}
		{351330B1-9684-46D1-AD8D-FDC2962B1F89} = {1B4018CC-86F3-480B-83A0-5A67D0D397E5}
		{DC5A007A-B7A2-4DD6-8AB6-A21712A7169C} = {1B4018CC-86F3-480B-83A0-5A67D0D397E5}
		{3C4894E4-09B8-4641-8576-31A2089EF528} = {1B4018CC-86F3-480B-83A0-5A67D0D397E5}
		{817BA8B7-5A5D-4F71-AF98-2196CFCA1C83} = {19F97F80-2108-4BD6-8745-1323CD0E9901}
		{44EF4095-E3FD-4646-A5A5-5CC285E9768A} = {19F97F80-2108-4BD6-8745-1323CD0E9901}
		{B0C125AD-48C1-4092-A4D2-F4049457CBDA} = {19F97F80-2108-4BD6-8745-1323CD0E9901}
		{940CB0A3-D088-44CA-ADA8-79C2AB5CE813} = {19F97F80-2108-4BD6-8745-1323CD0E9901}
		{B0527001-D2A2-4B19-A3D7-AFE06E61746B} = {19F97F80-2108-4BD6-8745-1323CD0E9901}
		{A75C7C2B-1288-40E6-8D0E-DB29306A182B} = {19F97F80-2108-4BD6-8745-1323CD0E9901}
		{FB417D8F-889C-4CFC-A25C-97AD754DC097} = {19F97F80-2108-4BD6-8745-1323CD0E9901}
		{55FA4702-E010-4EA9-851B-7179399C3DA8} = {CCD1348E-6ACE-4A93-8FD4-7E990BEBF02E}
		{7269FE68-4F27-4351-93FB-CEA2B26AA108} = {CCD1348E-6ACE-4A93-8FD4-7E990BEBF02E}
		{90A86A11-5E95-4330-B4BF-CED4403ABF0F} = {CCD1348E-6ACE-4A93-8FD4-7E990BEBF02E}
		{E13943EA-455D-4A6E-9246-6578C02D1C0F} = {CCD1348E-6ACE-4A93-8FD4-7E990BEBF02E}
		{DCB76E62-D7E7-4F45-A8A5-25E32D3E8A58} = {CCD1348E-6ACE-4A93-8FD4-7E990BEBF02E}
		{9432DFA7-AE53-4622-84F3-C46AC2473A52} = {CCD1348E-6ACE-4A93-8FD4-7E990BEBF02E}
		{63ADE590-B399-48A6-B857-8E4B6D5D9A5F} = {CCD1348E-6ACE-4A93-8FD4-7E990BEBF02E}
		{2DAE8E76-36C6-4F69-97A6-1741FED9C284} = {E08C60FB-C9C0-436E-8189-435A9D9DF335}
		{65D4B973-3A28-4931-89F3-635AD290B1FA} = {E08C60FB-C9C0-436E-8189-435A9D9DF335}
		{19A0E254-7CD0-4E1A-A29F-E34F17DD5EEC} = {E08C60FB-C9C0-436E-8189-435A9D9DF335}
		{109E97B3-4958-4F05-8D7D-587C5F468973} = {E08C60FB-C9C0-436E-8189-435A9D9DF335}
		{5BEAD07B-BDD1-4DA5-BD15-491D27044CC5} = {E08C60FB-C9C0-436E-8189-435A9D9DF335}
		{C81AA44A-8720-4042-B7D3-1DCF8B81BA86} = {E08C60FB-C9C0-436E-8189-435A9D9DF335}
		{EB48315A-2B6D-4ADA-A826-6B1F7CEEF445} = {E08C60FB-C9C0-436E-8189-435A9D9DF335}
		{792E4CEF-D4BD-45A8-8120-5ACB7A75D261} = {0E2298E5-0DB7-495D-9A09-A6A1B4C07A71}
		{9E2080FF-EE36-4CE5-A483-1D72971C565A} = {0E2298E5-0DB7-495D-9A09-A6A1B4C07A71}
		{39345E05-78E3-4AAF-80F0-3981900E46F3} = {7E8C9BBB-68F4-4C90-A69A-06FE72392690}
		{211DB833-616C-4EB9-8EBE-57F3C20977FD} = {7E8C9BBB-68F4-4C90-A69A-06FE72392690}
		{3E51AAA2-47F4-42D4-BCED-C1E2634D98B1} = {7E8C9BBB-68F4-4C90-A69A-06FE72392690}
		{CE0C3442-E558-49FF-B597-B159CFD80F52} = {0E2298E5-0DB7-495D-9A09-A6A1B4C07A71}
		{A31157DC-69B9-46E1-B196-19B531791420} = {E08C60FB-C9C0-436E-8189-435A9D9DF335}
		{37A9F14F-D9DA-4594-9187-89C65360A34C} = {8D1B1D91-B4DE-4DF9-A253-14777B4B4E40}
		{1AEFE888-729A-446A-8751-DCA1C3CCAA92} = {1B4018CC-86F3-480B-83A0-5A67D0D397E5}
		{C599136A-3095-4322-AB44-7770265CEE1D} = {CCD1348E-6ACE-4A93-8FD4-7E990BEBF02E}
		{A1D44DC2-AAFC-42DF-8E66-1E529BF2E76F} = {0E2298E5-0DB7-495D-9A09-A6A1B4C07A71}
		{F6C26AEE-0233-41AC-BDE6-C4150B1AF279} = {A3E976D3-CB28-4BE0-9C02-3DC16A985A93}
		{8B281CF3-3F41-4FC0-97C7-ED2124678A55} = {A3E976D3-CB28-4BE0-9C02-3DC16A985A93}
		{790858F4-A8A5-48A5-925C-D358740938A1} = {E08C60FB-C9C0-436E-8189-435A9D9DF335}
		{AB0D72A6-0103-44E7-9D77-48B88456E22E} = {E08C60FB-C9C0-436E-8189-435A9D9DF335}
		{055D78B0-3D20-C955-66ED-5028782CF429} = {A3E976D3-CB28-4BE0-9C02-3DC16A985A93}
		{F3642BA3-2A4A-5BEC-5B7E-DED257179686} = {A3E976D3-CB28-4BE0-9C02-3DC16A985A93}
		{C10F3A20-38E7-27FA-4609-FE254C1962EF} = {A3E976D3-CB28-4BE0-9C02-3DC16A985A93}
		{6150F20F-E742-D5A1-776E-8DEC8C408F83} = {A3E976D3-CB28-4BE0-9C02-3DC16A985A93}
		{82A2FC67-1782-0665-3F69-3E68383DAE71} = {A3E976D3-CB28-4BE0-9C02-3DC16A985A93}
		{6F050710-83D4-B04F-7DC6-C0339AB5DE6F} = {A3E976D3-CB28-4BE0-9C02-3DC16A985A93}
		{DD4A4D95-057E-7FF4-28AA-4B1076057373} = {A3E976D3-CB28-4BE0-9C02-3DC16A985A93}
		{33F1AD93-2810-644F-A7D1-62FB1DA21DF7} = {A3E976D3-CB28-4BE0-9C02-3DC16A985A93}
		{EAAD710C-74A9-161F-BDD9-689E8A793B91} = {A3E976D3-CB28-4BE0-9C02-3DC16A985A93}
		{2D4CFE45-74FC-3EC4-4E42-09121C2441DF} = {A3E976D3-CB28-4BE0-9C02-3DC16A985A93}
		{33CB437D-B9C6-5787-4B38-3CD380C4C3D8} = {A3E976D3-CB28-4BE0-9C02-3DC16A985A93}
		{EF021AAD-C8A4-4708-8D34-260B86F5EA64} = {A3E976D3-CB28-4BE0-9C02-3DC16A985A93}
		{BF804804-7C5E-4639-B86F-296CB643177A} = {A3E976D3-CB28-4BE0-9C02-3DC16A985A93}
		{723C00EA-E7E7-4E9E-9C4B-B18EE1EA9EED} = {0E2298E5-0DB7-495D-9A09-A6A1B4C07A71}
		{70A8946E-915F-46DF-8601-E4A0AB79DB2B} = {E08C60FB-C9C0-436E-8189-435A9D9DF335}
		{A49BC784-E64A-4162-B0B8-BE8051FB80E0} = {E08C60FB-C9C0-436E-8189-435A9D9DF335}
		{385A7B17-2C41-4AFD-BB4E-5E12D29D0B85} = {19F97F80-2108-4BD6-8745-1323CD0E9901}
		{88D91508-1218-4BAF-B315-DE1248D9FA05} = {19F97F80-2108-4BD6-8745-1323CD0E9901}
		{377045BC-A45D-4815-9C12-5B8D5049752B} = {19F97F80-2108-4BD6-8745-1323CD0E9901}
		{C068423A-1320-48EA-B81B-C5D450433C45} = {8D1B1D91-B4DE-4DF9-A253-14777B4B4E40}
		{56F08A43-5BEF-49AB-9AFF-DE419C269193} = {8D1B1D91-B4DE-4DF9-A253-14777B4B4E40}
		{D4DA8D80-AB2F-44C5-98C8-C16AD118520B} = {8D1B1D91-B4DE-4DF9-A253-14777B4B4E40}
		{F9498ABC-D4B5-4214-9449-3C8AE4DD2EFF} = {1B4018CC-86F3-480B-83A0-5A67D0D397E5}
		{5A1B0924-C542-4859-B2E1-4AB7C6F8598D} = {1B4018CC-86F3-480B-83A0-5A67D0D397E5}
		{234E2E55-99BB-49BD-A860-0B50D4C79F79} = {1B4018CC-86F3-480B-83A0-5A67D0D397E5}
		{7F774218-0BCA-461A-810C-C3D70FD9BC13} = {CCD1348E-6ACE-4A93-8FD4-7E990BEBF02E}
		{81EBCE0B-A7AD-41AB-B8CB-E92F544E941E} = {CCD1348E-6ACE-4A93-8FD4-7E990BEBF02E}
		{C33547E6-B842-4370-BE67-A5AE7F0E9970} = {CCD1348E-6ACE-4A93-8FD4-7E990BEBF02E}
		{B4C98E78-8B22-43D3-9AF0-E4370AB60B00} = {0E2298E5-0DB7-495D-9A09-A6A1B4C07A71}
		{B39AAAE3-81E7-4C89-A532-376AD9DB5AA9} = {0E2298E5-0DB7-495D-9A09-A6A1B4C07A71}
		{0646729A-22E3-476A-B415-CD59702BAFA2} = {8D1B1D91-B4DE-4DF9-A253-14777B4B4E40}
		{C8691F9A-1246-4783-A6B8-0757C5F1D153} = {EEECF3A6-0315-4C0A-8052-A0781EF962F0}
		{A4EEA94D-44D7-40B2-A04E-D0B7A3D9E16C} = {EEECF3A6-0315-4C0A-8052-A0781EF962F0}
		{B89E50CC-4F25-4A2D-B570-614A580084DA} = {EEECF3A6-0315-4C0A-8052-A0781EF962F0}
		{2642CF6A-1F8D-4436-93A4-8D0DEF44D932} = {A3E976D3-CB28-4BE0-9C02-3DC16A985A93}
		{A5083611-3A81-40D1-9012-6E28B545EF91} = {A3E976D3-CB28-4BE0-9C02-3DC16A985A93}
		{EC5C3636-AB9A-470F-8174-2DD776656DA0} = {FD40575A-E88D-4198-B94C-74951783603D}
		{63284E4D-1791-40EF-8FB4-7649962EE83A} = {FD40575A-E88D-4198-B94C-74951783603D}
		{CDFC6B06-9E54-4161-B4A5-E3012FAC509B} = {FD40575A-E88D-4198-B94C-74951783603D}
		{A582BF77-DF40-4E03-AB11-7DC12041D88E} = {FD40575A-E88D-4198-B94C-74951783603D}
	EndGlobalSection
	GlobalSection(ExtensibilityGlobals) = postSolution
		SolutionGuid = {2E15A334-12AA-4627-A727-84897967A10F}
	EndGlobalSection
EndGlobal
